// !$*UTF8*$!
{
	archiveVersion = 1;
	classes = {
	};
	objectVersion = 50;
	objects = {

/* Begin PBXBuildFile section */
		1241073936F87274E5DE2B36 /* Pods_WheelPathTests.framework in Frameworks */ = {isa = PBXBuildFile; fileRef = 265D61330A1351A917166D27 /* Pods_WheelPathTests.framework */; };
		619B5BE1772D5361EDF551AF /* Pods_WheelPath.framework in Frameworks */ = {isa = PBXBuildFile; fileRef = F5098A45F72028C5E53FC825 /* Pods_WheelPath.framework */; };
		A3A3FE322133C19B004E684C /* Reachability.swift in Sources */ = {isa = PBXBuildFile; fileRef = A3A3FE312133C19B004E684C /* Reachability.swift */; };
		A3AB0E91212D825200E2F366 /* FunctionListController.swift in Sources */ = {isa = PBXBuildFile; fileRef = A3AB0E90212D825200E2F366 /* FunctionListController.swift */; };
		A3AB0E93212D82B600E2F366 /* MapViewController.swift in Sources */ = {isa = PBXBuildFile; fileRef = A3AB0E92212D82B600E2F366 /* MapViewController.swift */; };
		A3ED1CE6212E6C8400C4A89F /* CustomPointAnnotation.swift in Sources */ = {isa = PBXBuildFile; fileRef = A3ED1CE5212E6C8400C4A89F /* CustomPointAnnotation.swift */; };
		A3ED1CE8212E908300C4A89F /* PublicToilet.swift in Sources */ = {isa = PBXBuildFile; fileRef = A3ED1CE7212E908300C4A89F /* PublicToilet.swift */; };
		A3ED1CEA212E935D00C4A89F /* WaterFountain.swift in Sources */ = {isa = PBXBuildFile; fileRef = A3ED1CE9212E935D00C4A89F /* WaterFountain.swift */; };
		A3F09B66212A875D00224A7E /* AppDelegate.swift in Sources */ = {isa = PBXBuildFile; fileRef = A3F09B65212A875D00224A7E /* AppDelegate.swift */; };
		A3F09B6B212A875D00224A7E /* Main.storyboard in Resources */ = {isa = PBXBuildFile; fileRef = A3F09B69212A875D00224A7E /* Main.storyboard */; };
		A3F09B6E212A875D00224A7E /* WheelPath.xcdatamodeld in Sources */ = {isa = PBXBuildFile; fileRef = A3F09B6C212A875D00224A7E /* WheelPath.xcdatamodeld */; };
		A3F09B70212A875E00224A7E /* Assets.xcassets in Resources */ = {isa = PBXBuildFile; fileRef = A3F09B6F212A875E00224A7E /* Assets.xcassets */; };
		A3F09B73212A875E00224A7E /* LaunchScreen.storyboard in Resources */ = {isa = PBXBuildFile; fileRef = A3F09B71212A875E00224A7E /* LaunchScreen.storyboard */; };
		A3F09B7E212A875E00224A7E /* WheelPathTests.swift in Sources */ = {isa = PBXBuildFile; fileRef = A3F09B7D212A875E00224A7E /* WheelPathTests.swift */; };
		A3F09B89212A875E00224A7E /* WheelPathUITests.swift in Sources */ = {isa = PBXBuildFile; fileRef = A3F09B88212A875E00224A7E /* WheelPathUITests.swift */; };
		A3F09B97212A887900224A7E /* GoogleService-Info.plist in Resources */ = {isa = PBXBuildFile; fileRef = A3F09B96212A887900224A7E /* GoogleService-Info.plist */; };
		E7F86629E055A185C2A5271F /* Pods_WheelPathUITests.framework in Frameworks */ = {isa = PBXBuildFile; fileRef = 85FB052A6ABA677E73F48871 /* Pods_WheelPathUITests.framework */; };
/* End PBXBuildFile section */

/* Begin PBXContainerItemProxy section */
		A3F09B7A212A875E00224A7E /* PBXContainerItemProxy */ = {
			isa = PBXContainerItemProxy;
			containerPortal = A3F09B5A212A875D00224A7E /* Project object */;
			proxyType = 1;
			remoteGlobalIDString = A3F09B61212A875D00224A7E;
			remoteInfo = WheelPath;
		};
		A3F09B85212A875E00224A7E /* PBXContainerItemProxy */ = {
			isa = PBXContainerItemProxy;
			containerPortal = A3F09B5A212A875D00224A7E /* Project object */;
			proxyType = 1;
			remoteGlobalIDString = A3F09B61212A875D00224A7E;
			remoteInfo = WheelPath;
		};
/* End PBXContainerItemProxy section */

/* Begin PBXFileReference section */
		1EDCC2288249259C0EACBA17 /* Pods-WheelPath.release.xcconfig */ = {isa = PBXFileReference; includeInIndex = 1; lastKnownFileType = text.xcconfig; name = "Pods-WheelPath.release.xcconfig"; path = "Pods/Target Support Files/Pods-WheelPath/Pods-WheelPath.release.xcconfig"; sourceTree = "<group>"; };
		265D61330A1351A917166D27 /* Pods_WheelPathTests.framework */ = {isa = PBXFileReference; explicitFileType = wrapper.framework; includeInIndex = 0; path = Pods_WheelPathTests.framework; sourceTree = BUILT_PRODUCTS_DIR; };
		7B5CD87E416599908295BDC7 /* Pods-WheelPathTests.debug.xcconfig */ = {isa = PBXFileReference; includeInIndex = 1; lastKnownFileType = text.xcconfig; name = "Pods-WheelPathTests.debug.xcconfig"; path = "Pods/Target Support Files/Pods-WheelPathTests/Pods-WheelPathTests.debug.xcconfig"; sourceTree = "<group>"; };
		85FB052A6ABA677E73F48871 /* Pods_WheelPathUITests.framework */ = {isa = PBXFileReference; explicitFileType = wrapper.framework; includeInIndex = 0; path = Pods_WheelPathUITests.framework; sourceTree = BUILT_PRODUCTS_DIR; };
		A35118A721365E2A00906D99 /* WheelPath.entitlements */ = {isa = PBXFileReference; lastKnownFileType = text.plist.entitlements; path = WheelPath.entitlements; sourceTree = "<group>"; };
		A3A3FE312133C19B004E684C /* Reachability.swift */ = {isa = PBXFileReference; lastKnownFileType = sourcecode.swift; path = Reachability.swift; sourceTree = "<group>"; };
		A3AB0E90212D825200E2F366 /* FunctionListController.swift */ = {isa = PBXFileReference; lastKnownFileType = sourcecode.swift; path = FunctionListController.swift; sourceTree = "<group>"; };
		A3AB0E92212D82B600E2F366 /* MapViewController.swift */ = {isa = PBXFileReference; lastKnownFileType = sourcecode.swift; path = MapViewController.swift; sourceTree = "<group>"; };
		A3ED1CE5212E6C8400C4A89F /* CustomPointAnnotation.swift */ = {isa = PBXFileReference; lastKnownFileType = sourcecode.swift; path = CustomPointAnnotation.swift; sourceTree = "<group>"; };
		A3ED1CE7212E908300C4A89F /* PublicToilet.swift */ = {isa = PBXFileReference; lastKnownFileType = sourcecode.swift; path = PublicToilet.swift; sourceTree = "<group>"; };
		A3ED1CE9212E935D00C4A89F /* WaterFountain.swift */ = {isa = PBXFileReference; lastKnownFileType = sourcecode.swift; path = WaterFountain.swift; sourceTree = "<group>"; };
		A3F09B62212A875D00224A7E /* WheelPath.app */ = {isa = PBXFileReference; explicitFileType = wrapper.application; includeInIndex = 0; path = WheelPath.app; sourceTree = BUILT_PRODUCTS_DIR; };
		A3F09B65212A875D00224A7E /* AppDelegate.swift */ = {isa = PBXFileReference; lastKnownFileType = sourcecode.swift; path = AppDelegate.swift; sourceTree = "<group>"; };
		A3F09B6A212A875D00224A7E /* Base */ = {isa = PBXFileReference; lastKnownFileType = file.storyboard; name = Base; path = Base.lproj/Main.storyboard; sourceTree = "<group>"; };
		A3F09B6D212A875D00224A7E /* WheelPath.xcdatamodel */ = {isa = PBXFileReference; lastKnownFileType = wrapper.xcdatamodel; path = WheelPath.xcdatamodel; sourceTree = "<group>"; };
		A3F09B6F212A875E00224A7E /* Assets.xcassets */ = {isa = PBXFileReference; lastKnownFileType = folder.assetcatalog; path = Assets.xcassets; sourceTree = "<group>"; };
		A3F09B72212A875E00224A7E /* Base */ = {isa = PBXFileReference; lastKnownFileType = file.storyboard; name = Base; path = Base.lproj/LaunchScreen.storyboard; sourceTree = "<group>"; };
		A3F09B74212A875E00224A7E /* Info.plist */ = {isa = PBXFileReference; lastKnownFileType = text.plist.xml; path = Info.plist; sourceTree = "<group>"; };
		A3F09B79212A875E00224A7E /* WheelPathTests.xctest */ = {isa = PBXFileReference; explicitFileType = wrapper.cfbundle; includeInIndex = 0; path = WheelPathTests.xctest; sourceTree = BUILT_PRODUCTS_DIR; };
		A3F09B7D212A875E00224A7E /* WheelPathTests.swift */ = {isa = PBXFileReference; lastKnownFileType = sourcecode.swift; path = WheelPathTests.swift; sourceTree = "<group>"; };
		A3F09B7F212A875E00224A7E /* Info.plist */ = {isa = PBXFileReference; lastKnownFileType = text.plist.xml; path = Info.plist; sourceTree = "<group>"; };
		A3F09B84212A875E00224A7E /* WheelPathUITests.xctest */ = {isa = PBXFileReference; explicitFileType = wrapper.cfbundle; includeInIndex = 0; path = WheelPathUITests.xctest; sourceTree = BUILT_PRODUCTS_DIR; };
		A3F09B88212A875E00224A7E /* WheelPathUITests.swift */ = {isa = PBXFileReference; lastKnownFileType = sourcecode.swift; path = WheelPathUITests.swift; sourceTree = "<group>"; };
		A3F09B8A212A875E00224A7E /* Info.plist */ = {isa = PBXFileReference; lastKnownFileType = text.plist.xml; path = Info.plist; sourceTree = "<group>"; };
		A3F09B96212A887900224A7E /* GoogleService-Info.plist */ = {isa = PBXFileReference; fileEncoding = 4; lastKnownFileType = text.plist.xml; path = "GoogleService-Info.plist"; sourceTree = "<group>"; };
		B1FB983A6B4BADFE6B35A29E /* Pods-WheelPathTests.release.xcconfig */ = {isa = PBXFileReference; includeInIndex = 1; lastKnownFileType = text.xcconfig; name = "Pods-WheelPathTests.release.xcconfig"; path = "Pods/Target Support Files/Pods-WheelPathTests/Pods-WheelPathTests.release.xcconfig"; sourceTree = "<group>"; };
		B424C057A6316018D8E31CF1 /* Pods-WheelPathUITests.release.xcconfig */ = {isa = PBXFileReference; includeInIndex = 1; lastKnownFileType = text.xcconfig; name = "Pods-WheelPathUITests.release.xcconfig"; path = "Pods/Target Support Files/Pods-WheelPathUITests/Pods-WheelPathUITests.release.xcconfig"; sourceTree = "<group>"; };
		C31C53D2042D35ADDC49A3A1 /* Pods-WheelPath.debug.xcconfig */ = {isa = PBXFileReference; includeInIndex = 1; lastKnownFileType = text.xcconfig; name = "Pods-WheelPath.debug.xcconfig"; path = "Pods/Target Support Files/Pods-WheelPath/Pods-WheelPath.debug.xcconfig"; sourceTree = "<group>"; };
		D29231C5FB37A6D5B3CF57FF /* Pods-WheelPathUITests.debug.xcconfig */ = {isa = PBXFileReference; includeInIndex = 1; lastKnownFileType = text.xcconfig; name = "Pods-WheelPathUITests.debug.xcconfig"; path = "Pods/Target Support Files/Pods-WheelPathUITests/Pods-WheelPathUITests.debug.xcconfig"; sourceTree = "<group>"; };
		F5098A45F72028C5E53FC825 /* Pods_WheelPath.framework */ = {isa = PBXFileReference; explicitFileType = wrapper.framework; includeInIndex = 0; path = Pods_WheelPath.framework; sourceTree = BUILT_PRODUCTS_DIR; };
/* End PBXFileReference section */

/* Begin PBXFrameworksBuildPhase section */
		A3F09B5F212A875D00224A7E /* Frameworks */ = {
			isa = PBXFrameworksBuildPhase;
			buildActionMask = 2147483647;
			files = (
				619B5BE1772D5361EDF551AF /* Pods_WheelPath.framework in Frameworks */,
			);
			runOnlyForDeploymentPostprocessing = 0;
		};
		A3F09B76212A875E00224A7E /* Frameworks */ = {
			isa = PBXFrameworksBuildPhase;
			buildActionMask = 2147483647;
			files = (
				1241073936F87274E5DE2B36 /* Pods_WheelPathTests.framework in Frameworks */,
			);
			runOnlyForDeploymentPostprocessing = 0;
		};
		A3F09B81212A875E00224A7E /* Frameworks */ = {
			isa = PBXFrameworksBuildPhase;
			buildActionMask = 2147483647;
			files = (
				E7F86629E055A185C2A5271F /* Pods_WheelPathUITests.framework in Frameworks */,
			);
			runOnlyForDeploymentPostprocessing = 0;
		};
/* End PBXFrameworksBuildPhase section */

/* Begin PBXGroup section */
		0F7AB495644260D32C30EB48 /* Frameworks */ = {
			isa = PBXGroup;
			children = (
				F5098A45F72028C5E53FC825 /* Pods_WheelPath.framework */,
				265D61330A1351A917166D27 /* Pods_WheelPathTests.framework */,
				85FB052A6ABA677E73F48871 /* Pods_WheelPathUITests.framework */,
			);
			name = Frameworks;
			sourceTree = "<group>";
		};
		92C62692D07B7F9B890D2857 /* Pods */ = {
			isa = PBXGroup;
			children = (
				C31C53D2042D35ADDC49A3A1 /* Pods-WheelPath.debug.xcconfig */,
				1EDCC2288249259C0EACBA17 /* Pods-WheelPath.release.xcconfig */,
				7B5CD87E416599908295BDC7 /* Pods-WheelPathTests.debug.xcconfig */,
				B1FB983A6B4BADFE6B35A29E /* Pods-WheelPathTests.release.xcconfig */,
				D29231C5FB37A6D5B3CF57FF /* Pods-WheelPathUITests.debug.xcconfig */,
				B424C057A6316018D8E31CF1 /* Pods-WheelPathUITests.release.xcconfig */,
			);
			name = Pods;
			sourceTree = "<group>";
		};
		A3F09B59212A875D00224A7E = {
			isa = PBXGroup;
			children = (
				A3F09B64212A875D00224A7E /* WheelPath */,
				A3F09B7C212A875E00224A7E /* WheelPathTests */,
				A3F09B87212A875E00224A7E /* WheelPathUITests */,
				A3F09B63212A875D00224A7E /* Products */,
				92C62692D07B7F9B890D2857 /* Pods */,
				0F7AB495644260D32C30EB48 /* Frameworks */,
			);
			sourceTree = "<group>";
		};
		A3F09B63212A875D00224A7E /* Products */ = {
			isa = PBXGroup;
			children = (
				A3F09B62212A875D00224A7E /* WheelPath.app */,
				A3F09B79212A875E00224A7E /* WheelPathTests.xctest */,
				A3F09B84212A875E00224A7E /* WheelPathUITests.xctest */,
			);
			name = Products;
			sourceTree = "<group>";
		};
		A3F09B64212A875D00224A7E /* WheelPath */ = {
			isa = PBXGroup;
			children = (
				A35118A721365E2A00906D99 /* WheelPath.entitlements */,
				A3F09B65212A875D00224A7E /* AppDelegate.swift */,
				A3AB0E90212D825200E2F366 /* FunctionListController.swift */,
				A3A3FE312133C19B004E684C /* Reachability.swift */,
				A3F09B69212A875D00224A7E /* Main.storyboard */,
				A3AB0E92212D82B600E2F366 /* MapViewController.swift */,
				A3F09B6F212A875E00224A7E /* Assets.xcassets */,
				A3F09B96212A887900224A7E /* GoogleService-Info.plist */,
				A3F09B71212A875E00224A7E /* LaunchScreen.storyboard */,
				A3F09B74212A875E00224A7E /* Info.plist */,
				A3F09B6C212A875D00224A7E /* WheelPath.xcdatamodeld */,
				A3ED1CE5212E6C8400C4A89F /* CustomPointAnnotation.swift */,
				A3ED1CE7212E908300C4A89F /* PublicToilet.swift */,
				A3ED1CE9212E935D00C4A89F /* WaterFountain.swift */,
			);
			path = WheelPath;
			sourceTree = "<group>";
		};
		A3F09B7C212A875E00224A7E /* WheelPathTests */ = {
			isa = PBXGroup;
			children = (
				A3F09B7D212A875E00224A7E /* WheelPathTests.swift */,
				A3F09B7F212A875E00224A7E /* Info.plist */,
			);
			path = WheelPathTests;
			sourceTree = "<group>";
		};
		A3F09B87212A875E00224A7E /* WheelPathUITests */ = {
			isa = PBXGroup;
			children = (
				A3F09B88212A875E00224A7E /* WheelPathUITests.swift */,
				A3F09B8A212A875E00224A7E /* Info.plist */,
			);
			path = WheelPathUITests;
			sourceTree = "<group>";
		};
/* End PBXGroup section */

/* Begin PBXNativeTarget section */
		A3F09B61212A875D00224A7E /* WheelPath */ = {
			isa = PBXNativeTarget;
			buildConfigurationList = A3F09B8D212A875E00224A7E /* Build configuration list for PBXNativeTarget "WheelPath" */;
			buildPhases = (
				4356C571A39D5F8E9CB92FED /* [CP] Check Pods Manifest.lock */,
				A3F09B5E212A875D00224A7E /* Sources */,
				A3F09B5F212A875D00224A7E /* Frameworks */,
				A3F09B60212A875D00224A7E /* Resources */,
				18A69F68E6647DE8729FC24B /* [CP] Embed Pods Frameworks */,
			);
			buildRules = (
			);
			dependencies = (
			);
			name = WheelPath;
			productName = WheelPath;
			productReference = A3F09B62212A875D00224A7E /* WheelPath.app */;
			productType = "com.apple.product-type.application";
		};
		A3F09B78212A875E00224A7E /* WheelPathTests */ = {
			isa = PBXNativeTarget;
			buildConfigurationList = A3F09B90212A875E00224A7E /* Build configuration list for PBXNativeTarget "WheelPathTests" */;
			buildPhases = (
				C3A271C07E6FD153CC2A09B3 /* [CP] Check Pods Manifest.lock */,
				A3F09B75212A875E00224A7E /* Sources */,
				A3F09B76212A875E00224A7E /* Frameworks */,
				A3F09B77212A875E00224A7E /* Resources */,
			);
			buildRules = (
			);
			dependencies = (
				A3F09B7B212A875E00224A7E /* PBXTargetDependency */,
			);
			name = WheelPathTests;
			productName = WheelPathTests;
			productReference = A3F09B79212A875E00224A7E /* WheelPathTests.xctest */;
			productType = "com.apple.product-type.bundle.unit-test";
		};
		A3F09B83212A875E00224A7E /* WheelPathUITests */ = {
			isa = PBXNativeTarget;
			buildConfigurationList = A3F09B93212A875E00224A7E /* Build configuration list for PBXNativeTarget "WheelPathUITests" */;
			buildPhases = (
				1717DF4926CA64727C6808A8 /* [CP] Check Pods Manifest.lock */,
				A3F09B80212A875E00224A7E /* Sources */,
				A3F09B81212A875E00224A7E /* Frameworks */,
				A3F09B82212A875E00224A7E /* Resources */,
			);
			buildRules = (
			);
			dependencies = (
				A3F09B86212A875E00224A7E /* PBXTargetDependency */,
			);
			name = WheelPathUITests;
			productName = WheelPathUITests;
			productReference = A3F09B84212A875E00224A7E /* WheelPathUITests.xctest */;
			productType = "com.apple.product-type.bundle.ui-testing";
		};
/* End PBXNativeTarget section */

/* Begin PBXProject section */
		A3F09B5A212A875D00224A7E /* Project object */ = {
			isa = PBXProject;
			attributes = {
				LastSwiftUpdateCheck = 0940;
				LastUpgradeCheck = 0940;
				ORGANIZATIONNAME = "Salamender Li";
				TargetAttributes = {
					A3F09B61212A875D00224A7E = {
						CreatedOnToolsVersion = 9.4.1;
						SystemCapabilities = {
							com.apple.ApplicationGroups.iOS = {
								enabled = 0;
							};
						};
					};
					A3F09B78212A875E00224A7E = {
						CreatedOnToolsVersion = 9.4.1;
						TestTargetID = A3F09B61212A875D00224A7E;
					};
					A3F09B83212A875E00224A7E = {
						CreatedOnToolsVersion = 9.4.1;
						TestTargetID = A3F09B61212A875D00224A7E;
					};
				};
			};
			buildConfigurationList = A3F09B5D212A875D00224A7E /* Build configuration list for PBXProject "WheelPath" */;
			compatibilityVersion = "Xcode 9.3";
			developmentRegion = en;
			hasScannedForEncodings = 0;
			knownRegions = (
				en,
				Base,
			);
			mainGroup = A3F09B59212A875D00224A7E;
			productRefGroup = A3F09B63212A875D00224A7E /* Products */;
			projectDirPath = "";
			projectRoot = "";
			targets = (
				A3F09B61212A875D00224A7E /* WheelPath */,
				A3F09B78212A875E00224A7E /* WheelPathTests */,
				A3F09B83212A875E00224A7E /* WheelPathUITests */,
			);
		};
/* End PBXProject section */

/* Begin PBXResourcesBuildPhase section */
		A3F09B60212A875D00224A7E /* Resources */ = {
			isa = PBXResourcesBuildPhase;
			buildActionMask = 2147483647;
			files = (
				A3F09B73212A875E00224A7E /* LaunchScreen.storyboard in Resources */,
				A3F09B97212A887900224A7E /* GoogleService-Info.plist in Resources */,
				A3F09B70212A875E00224A7E /* Assets.xcassets in Resources */,
				A3F09B6B212A875D00224A7E /* Main.storyboard in Resources */,
			);
			runOnlyForDeploymentPostprocessing = 0;
		};
		A3F09B77212A875E00224A7E /* Resources */ = {
			isa = PBXResourcesBuildPhase;
			buildActionMask = 2147483647;
			files = (
			);
			runOnlyForDeploymentPostprocessing = 0;
		};
		A3F09B82212A875E00224A7E /* Resources */ = {
			isa = PBXResourcesBuildPhase;
			buildActionMask = 2147483647;
			files = (
			);
			runOnlyForDeploymentPostprocessing = 0;
		};
/* End PBXResourcesBuildPhase section */

/* Begin PBXShellScriptBuildPhase section */
		1717DF4926CA64727C6808A8 /* [CP] Check Pods Manifest.lock */ = {
			isa = PBXShellScriptBuildPhase;
			buildActionMask = 2147483647;
			files = (
			);
			inputPaths = (
				"${PODS_PODFILE_DIR_PATH}/Podfile.lock",
				"${PODS_ROOT}/Manifest.lock",
			);
			name = "[CP] Check Pods Manifest.lock";
			outputPaths = (
				"$(DERIVED_FILE_DIR)/Pods-WheelPathUITests-checkManifestLockResult.txt",
			);
			runOnlyForDeploymentPostprocessing = 0;
			shellPath = /bin/sh;
			shellScript = "diff \"${PODS_PODFILE_DIR_PATH}/Podfile.lock\" \"${PODS_ROOT}/Manifest.lock\" > /dev/null\nif [ $? != 0 ] ; then\n    # print error to STDERR\n    echo \"error: The sandbox is not in sync with the Podfile.lock. Run 'pod install' or update your CocoaPods installation.\" >&2\n    exit 1\nfi\n# This output is used by Xcode 'outputs' to avoid re-running this script phase.\necho \"SUCCESS\" > \"${SCRIPT_OUTPUT_FILE_0}\"\n";
			showEnvVarsInLog = 0;
		};
		18A69F68E6647DE8729FC24B /* [CP] Embed Pods Frameworks */ = {
			isa = PBXShellScriptBuildPhase;
			buildActionMask = 2147483647;
			files = (
			);
			inputPaths = (
				"${SRCROOT}/Pods/Target Support Files/Pods-WheelPath/Pods-WheelPath-frameworks.sh",
				"${BUILT_PRODUCTS_DIR}/GTMSessionFetcher/GTMSessionFetcher.framework",
				"${BUILT_PRODUCTS_DIR}/GoogleToolboxForMac/GoogleToolboxForMac.framework",
				"${BUILT_PRODUCTS_DIR}/leveldb-library/leveldb.framework",
				"${BUILT_PRODUCTS_DIR}/nanopb/nanopb.framework",
			);
			name = "[CP] Embed Pods Frameworks";
			outputPaths = (
				"${TARGET_BUILD_DIR}/${FRAMEWORKS_FOLDER_PATH}/GTMSessionFetcher.framework",
				"${TARGET_BUILD_DIR}/${FRAMEWORKS_FOLDER_PATH}/GoogleToolboxForMac.framework",
				"${TARGET_BUILD_DIR}/${FRAMEWORKS_FOLDER_PATH}/leveldb.framework",
				"${TARGET_BUILD_DIR}/${FRAMEWORKS_FOLDER_PATH}/nanopb.framework",
			);
			runOnlyForDeploymentPostprocessing = 0;
			shellPath = /bin/sh;
			shellScript = "\"${SRCROOT}/Pods/Target Support Files/Pods-WheelPath/Pods-WheelPath-frameworks.sh\"\n";
			showEnvVarsInLog = 0;
		};
		4356C571A39D5F8E9CB92FED /* [CP] Check Pods Manifest.lock */ = {
			isa = PBXShellScriptBuildPhase;
			buildActionMask = 2147483647;
			files = (
			);
			inputPaths = (
				"${PODS_PODFILE_DIR_PATH}/Podfile.lock",
				"${PODS_ROOT}/Manifest.lock",
			);
			name = "[CP] Check Pods Manifest.lock";
			outputPaths = (
				"$(DERIVED_FILE_DIR)/Pods-WheelPath-checkManifestLockResult.txt",
			);
			runOnlyForDeploymentPostprocessing = 0;
			shellPath = /bin/sh;
			shellScript = "diff \"${PODS_PODFILE_DIR_PATH}/Podfile.lock\" \"${PODS_ROOT}/Manifest.lock\" > /dev/null\nif [ $? != 0 ] ; then\n    # print error to STDERR\n    echo \"error: The sandbox is not in sync with the Podfile.lock. Run 'pod install' or update your CocoaPods installation.\" >&2\n    exit 1\nfi\n# This output is used by Xcode 'outputs' to avoid re-running this script phase.\necho \"SUCCESS\" > \"${SCRIPT_OUTPUT_FILE_0}\"\n";
			showEnvVarsInLog = 0;
		};
		C3A271C07E6FD153CC2A09B3 /* [CP] Check Pods Manifest.lock */ = {
			isa = PBXShellScriptBuildPhase;
			buildActionMask = 2147483647;
			files = (
			);
			inputPaths = (
				"${PODS_PODFILE_DIR_PATH}/Podfile.lock",
				"${PODS_ROOT}/Manifest.lock",
			);
			name = "[CP] Check Pods Manifest.lock";
			outputPaths = (
				"$(DERIVED_FILE_DIR)/Pods-WheelPathTests-checkManifestLockResult.txt",
			);
			runOnlyForDeploymentPostprocessing = 0;
			shellPath = /bin/sh;
			shellScript = "diff \"${PODS_PODFILE_DIR_PATH}/Podfile.lock\" \"${PODS_ROOT}/Manifest.lock\" > /dev/null\nif [ $? != 0 ] ; then\n    # print error to STDERR\n    echo \"error: The sandbox is not in sync with the Podfile.lock. Run 'pod install' or update your CocoaPods installation.\" >&2\n    exit 1\nfi\n# This output is used by Xcode 'outputs' to avoid re-running this script phase.\necho \"SUCCESS\" > \"${SCRIPT_OUTPUT_FILE_0}\"\n";
			showEnvVarsInLog = 0;
		};
/* End PBXShellScriptBuildPhase section */

/* Begin PBXSourcesBuildPhase section */
		A3F09B5E212A875D00224A7E /* Sources */ = {
			isa = PBXSourcesBuildPhase;
			buildActionMask = 2147483647;
			files = (
				A3AB0E91212D825200E2F366 /* FunctionListController.swift in Sources */,
				A3ED1CEA212E935D00C4A89F /* WaterFountain.swift in Sources */,
				A3ED1CE6212E6C8400C4A89F /* CustomPointAnnotation.swift in Sources */,
				A3F09B6E212A875D00224A7E /* WheelPath.xcdatamodeld in Sources */,
				A3F09B66212A875D00224A7E /* AppDelegate.swift in Sources */,
				A3AB0E93212D82B600E2F366 /* MapViewController.swift in Sources */,
				A3A3FE322133C19B004E684C /* Reachability.swift in Sources */,
				A3ED1CE8212E908300C4A89F /* PublicToilet.swift in Sources */,
			);
			runOnlyForDeploymentPostprocessing = 0;
		};
		A3F09B75212A875E00224A7E /* Sources */ = {
			isa = PBXSourcesBuildPhase;
			buildActionMask = 2147483647;
			files = (
				A3F09B7E212A875E00224A7E /* WheelPathTests.swift in Sources */,
			);
			runOnlyForDeploymentPostprocessing = 0;
		};
		A3F09B80212A875E00224A7E /* Sources */ = {
			isa = PBXSourcesBuildPhase;
			buildActionMask = 2147483647;
			files = (
				A3F09B89212A875E00224A7E /* WheelPathUITests.swift in Sources */,
			);
			runOnlyForDeploymentPostprocessing = 0;
		};
/* End PBXSourcesBuildPhase section */

/* Begin PBXTargetDependency section */
		A3F09B7B212A875E00224A7E /* PBXTargetDependency */ = {
			isa = PBXTargetDependency;
			target = A3F09B61212A875D00224A7E /* WheelPath */;
			targetProxy = A3F09B7A212A875E00224A7E /* PBXContainerItemProxy */;
		};
		A3F09B86212A875E00224A7E /* PBXTargetDependency */ = {
			isa = PBXTargetDependency;
			target = A3F09B61212A875D00224A7E /* WheelPath */;
			targetProxy = A3F09B85212A875E00224A7E /* PBXContainerItemProxy */;
		};
/* End PBXTargetDependency section */

/* Begin PBXVariantGroup section */
		A3F09B69212A875D00224A7E /* Main.storyboard */ = {
			isa = PBXVariantGroup;
			children = (
				A3F09B6A212A875D00224A7E /* Base */,
			);
			name = Main.storyboard;
			sourceTree = "<group>";
		};
		A3F09B71212A875E00224A7E /* LaunchScreen.storyboard */ = {
			isa = PBXVariantGroup;
			children = (
				A3F09B72212A875E00224A7E /* Base */,
			);
			name = LaunchScreen.storyboard;
			sourceTree = "<group>";
		};
/* End PBXVariantGroup section */

/* Begin XCBuildConfiguration section */
		A3F09B8B212A875E00224A7E /* Debug */ = {
			isa = XCBuildConfiguration;
			buildSettings = {
				ALWAYS_SEARCH_USER_PATHS = NO;
				CLANG_ANALYZER_NONNULL = YES;
				CLANG_ANALYZER_NUMBER_OBJECT_CONVERSION = YES_AGGRESSIVE;
				CLANG_CXX_LANGUAGE_STANDARD = "gnu++14";
				CLANG_CXX_LIBRARY = "libc++";
				CLANG_ENABLE_MODULES = YES;
				CLANG_ENABLE_OBJC_ARC = YES;
				CLANG_ENABLE_OBJC_WEAK = YES;
				CLANG_WARN_BLOCK_CAPTURE_AUTORELEASING = YES;
				CLANG_WARN_BOOL_CONVERSION = YES;
				CLANG_WARN_COMMA = YES;
				CLANG_WARN_CONSTANT_CONVERSION = YES;
				CLANG_WARN_DEPRECATED_OBJC_IMPLEMENTATIONS = YES;
				CLANG_WARN_DIRECT_OBJC_ISA_USAGE = YES_ERROR;
				CLANG_WARN_DOCUMENTATION_COMMENTS = YES;
				CLANG_WARN_EMPTY_BODY = YES;
				CLANG_WARN_ENUM_CONVERSION = YES;
				CLANG_WARN_INFINITE_RECURSION = YES;
				CLANG_WARN_INT_CONVERSION = YES;
				CLANG_WARN_NON_LITERAL_NULL_CONVERSION = YES;
				CLANG_WARN_OBJC_IMPLICIT_RETAIN_SELF = YES;
				CLANG_WARN_OBJC_LITERAL_CONVERSION = YES;
				CLANG_WARN_OBJC_ROOT_CLASS = YES_ERROR;
				CLANG_WARN_RANGE_LOOP_ANALYSIS = YES;
				CLANG_WARN_STRICT_PROTOTYPES = YES;
				CLANG_WARN_SUSPICIOUS_MOVE = YES;
				CLANG_WARN_UNGUARDED_AVAILABILITY = YES_AGGRESSIVE;
				CLANG_WARN_UNREACHABLE_CODE = YES;
				CLANG_WARN__DUPLICATE_METHOD_MATCH = YES;
				CODE_SIGN_IDENTITY = "iPhone Developer";
				COPY_PHASE_STRIP = NO;
				DEBUG_INFORMATION_FORMAT = dwarf;
				ENABLE_STRICT_OBJC_MSGSEND = YES;
				ENABLE_TESTABILITY = YES;
				GCC_C_LANGUAGE_STANDARD = gnu11;
				GCC_DYNAMIC_NO_PIC = NO;
				GCC_NO_COMMON_BLOCKS = YES;
				GCC_OPTIMIZATION_LEVEL = 0;
				GCC_PREPROCESSOR_DEFINITIONS = (
					"DEBUG=1",
					"$(inherited)",
				);
				GCC_WARN_64_TO_32_BIT_CONVERSION = YES;
				GCC_WARN_ABOUT_RETURN_TYPE = YES_ERROR;
				GCC_WARN_UNDECLARED_SELECTOR = YES;
				GCC_WARN_UNINITIALIZED_AUTOS = YES_AGGRESSIVE;
				GCC_WARN_UNUSED_FUNCTION = YES;
				GCC_WARN_UNUSED_VARIABLE = YES;
				IPHONEOS_DEPLOYMENT_TARGET = 11.4;
				MTL_ENABLE_DEBUG_INFO = YES;
				ONLY_ACTIVE_ARCH = YES;
				SDKROOT = iphoneos;
				SWIFT_ACTIVE_COMPILATION_CONDITIONS = DEBUG;
				SWIFT_OPTIMIZATION_LEVEL = "-Onone";
			};
			name = Debug;
		};
		A3F09B8C212A875E00224A7E /* Release */ = {
			isa = XCBuildConfiguration;
			buildSettings = {
				ALWAYS_SEARCH_USER_PATHS = NO;
				CLANG_ANALYZER_NONNULL = YES;
				CLANG_ANALYZER_NUMBER_OBJECT_CONVERSION = YES_AGGRESSIVE;
				CLANG_CXX_LANGUAGE_STANDARD = "gnu++14";
				CLANG_CXX_LIBRARY = "libc++";
				CLANG_ENABLE_MODULES = YES;
				CLANG_ENABLE_OBJC_ARC = YES;
				CLANG_ENABLE_OBJC_WEAK = YES;
				CLANG_WARN_BLOCK_CAPTURE_AUTORELEASING = YES;
				CLANG_WARN_BOOL_CONVERSION = YES;
				CLANG_WARN_COMMA = YES;
				CLANG_WARN_CONSTANT_CONVERSION = YES;
				CLANG_WARN_DEPRECATED_OBJC_IMPLEMENTATIONS = YES;
				CLANG_WARN_DIRECT_OBJC_ISA_USAGE = YES_ERROR;
				CLANG_WARN_DOCUMENTATION_COMMENTS = YES;
				CLANG_WARN_EMPTY_BODY = YES;
				CLANG_WARN_ENUM_CONVERSION = YES;
				CLANG_WARN_INFINITE_RECURSION = YES;
				CLANG_WARN_INT_CONVERSION = YES;
				CLANG_WARN_NON_LITERAL_NULL_CONVERSION = YES;
				CLANG_WARN_OBJC_IMPLICIT_RETAIN_SELF = YES;
				CLANG_WARN_OBJC_LITERAL_CONVERSION = YES;
				CLANG_WARN_OBJC_ROOT_CLASS = YES_ERROR;
				CLANG_WARN_RANGE_LOOP_ANALYSIS = YES;
				CLANG_WARN_STRICT_PROTOTYPES = YES;
				CLANG_WARN_SUSPICIOUS_MOVE = YES;
				CLANG_WARN_UNGUARDED_AVAILABILITY = YES_AGGRESSIVE;
				CLANG_WARN_UNREACHABLE_CODE = YES;
				CLANG_WARN__DUPLICATE_METHOD_MATCH = YES;
				CODE_SIGN_IDENTITY = "iPhone Developer";
				COPY_PHASE_STRIP = NO;
				DEBUG_INFORMATION_FORMAT = "dwarf-with-dsym";
				ENABLE_NS_ASSERTIONS = NO;
				ENABLE_STRICT_OBJC_MSGSEND = YES;
				GCC_C_LANGUAGE_STANDARD = gnu11;
				GCC_NO_COMMON_BLOCKS = YES;
				GCC_WARN_64_TO_32_BIT_CONVERSION = YES;
				GCC_WARN_ABOUT_RETURN_TYPE = YES_ERROR;
				GCC_WARN_UNDECLARED_SELECTOR = YES;
				GCC_WARN_UNINITIALIZED_AUTOS = YES_AGGRESSIVE;
				GCC_WARN_UNUSED_FUNCTION = YES;
				GCC_WARN_UNUSED_VARIABLE = YES;
				IPHONEOS_DEPLOYMENT_TARGET = 11.4;
				MTL_ENABLE_DEBUG_INFO = NO;
				SDKROOT = iphoneos;
				SWIFT_COMPILATION_MODE = wholemodule;
				SWIFT_OPTIMIZATION_LEVEL = "-O";
				VALIDATE_PRODUCT = YES;
			};
			name = Release;
		};
		A3F09B8E212A875E00224A7E /* Debug */ = {
			isa = XCBuildConfiguration;
			baseConfigurationReference = C31C53D2042D35ADDC49A3A1 /* Pods-WheelPath.debug.xcconfig */;
			buildSettings = {
				ASSETCATALOG_COMPILER_APPICON_NAME = AppIcon;
				CODE_SIGN_IDENTITY = "iPhone Developer";
				CODE_SIGN_STYLE = Automatic;
				DEVELOPMENT_TEAM = NRL9LH8W6N;
				INFOPLIST_FILE = WheelPath/Info.plist;
				LD_RUNPATH_SEARCH_PATHS = (
					"$(inherited)",
					"@executable_path/Frameworks",
				);
				PRODUCT_BUNDLE_IDENTIFIER = monash.WheelPath;
				PRODUCT_NAME = "$(TARGET_NAME)";
				PROVISIONING_PROFILE_SPECIFIER = "";
				SWIFT_VERSION = 4.0;
				TARGETED_DEVICE_FAMILY = "1,2";
			};
			name = Debug;
		};
		A3F09B8F212A875E00224A7E /* Release */ = {
			isa = XCBuildConfiguration;
			baseConfigurationReference = 1EDCC2288249259C0EACBA17 /* Pods-WheelPath.release.xcconfig */;
			buildSettings = {
				ASSETCATALOG_COMPILER_APPICON_NAME = AppIcon;
				CODE_SIGN_IDENTITY = "iPhone Developer";
				CODE_SIGN_STYLE = Automatic;
				DEVELOPMENT_TEAM = NRL9LH8W6N;
				INFOPLIST_FILE = WheelPath/Info.plist;
				LD_RUNPATH_SEARCH_PATHS = (
					"$(inherited)",
					"@executable_path/Frameworks",
				);
				ONLY_ACTIVE_ARCH = NO;
				PRODUCT_BUNDLE_IDENTIFIER = monash.WheelPath;
				PRODUCT_NAME = "$(TARGET_NAME)";
				PROVISIONING_PROFILE_SPECIFIER = "";
				SWIFT_VERSION = 4.0;
				TARGETED_DEVICE_FAMILY = "1,2";
			};
			name = Release;
		};
		A3F09B91212A875E00224A7E /* Debug */ = {
			isa = XCBuildConfiguration;
			baseConfigurationReference = 7B5CD87E416599908295BDC7 /* Pods-WheelPathTests.debug.xcconfig */;
			buildSettings = {
				ALWAYS_EMBED_SWIFT_STANDARD_LIBRARIES = YES;
				BUNDLE_LOADER = "$(TEST_HOST)";
				CODE_SIGN_STYLE = Automatic;
				DEVELOPMENT_TEAM = NRL9LH8W6N;
				INFOPLIST_FILE = WheelPathTests/Info.plist;
				LD_RUNPATH_SEARCH_PATHS = (
					"$(inherited)",
					"@executable_path/Frameworks",
					"@loader_path/Frameworks",
				);
				PRODUCT_BUNDLE_IDENTIFIER = monash.WheelPathTests;
				PRODUCT_NAME = "$(TARGET_NAME)";
				SWIFT_VERSION = 4.0;
				TARGETED_DEVICE_FAMILY = "1,2";
				TEST_HOST = "$(BUILT_PRODUCTS_DIR)/WheelPath.app/WheelPath";
			};
			name = Debug;
		};
		A3F09B92212A875E00224A7E /* Release */ = {
			isa = XCBuildConfiguration;
			baseConfigurationReference = B1FB983A6B4BADFE6B35A29E /* Pods-WheelPathTests.release.xcconfig */;
			buildSettings = {
				ALWAYS_EMBED_SWIFT_STANDARD_LIBRARIES = YES;
				BUNDLE_LOADER = "$(TEST_HOST)";
				CODE_SIGN_STYLE = Automatic;
				DEVELOPMENT_TEAM = NRL9LH8W6N;
				INFOPLIST_FILE = WheelPathTests/Info.plist;
				LD_RUNPATH_SEARCH_PATHS = (
					"$(inherited)",
					"@executable_path/Frameworks",
					"@loader_path/Frameworks",
				);
				PRODUCT_BUNDLE_IDENTIFIER = monash.WheelPathTests;
				PRODUCT_NAME = "$(TARGET_NAME)";
				SWIFT_VERSION = 4.0;
				TARGETED_DEVICE_FAMILY = "1,2";
				TEST_HOST = "$(BUILT_PRODUCTS_DIR)/WheelPath.app/WheelPath";
			};
			name = Release;
		};
		A3F09B94212A875E00224A7E /* Debug */ = {
			isa = XCBuildConfiguration;
			baseConfigurationReference = D29231C5FB37A6D5B3CF57FF /* Pods-WheelPathUITests.debug.xcconfig */;
			buildSettings = {
				ALWAYS_EMBED_SWIFT_STANDARD_LIBRARIES = YES;
				CODE_SIGN_STYLE = Automatic;
				DEVELOPMENT_TEAM = NRL9LH8W6N;
				INFOPLIST_FILE = WheelPathUITests/Info.plist;
				LD_RUNPATH_SEARCH_PATHS = (
					"$(inherited)",
					"@executable_path/Frameworks",
					"@loader_path/Frameworks",
				);
				PRODUCT_BUNDLE_IDENTIFIER = monash.WheelPathUITests;
				PRODUCT_NAME = "$(TARGET_NAME)";
				SWIFT_VERSION = 4.0;
				TARGETED_DEVICE_FAMILY = "1,2";
				TEST_TARGET_NAME = WheelPath;
			};
			name = Debug;
		};
		A3F09B95212A875E00224A7E /* Release */ = {
			isa = XCBuildConfiguration;
			baseConfigurationReference = B424C057A6316018D8E31CF1 /* Pods-WheelPathUITests.release.xcconfig */;
			buildSettings = {
				ALWAYS_EMBED_SWIFT_STANDARD_LIBRARIES = YES;
				CODE_SIGN_STYLE = Automatic;
				DEVELOPMENT_TEAM = NRL9LH8W6N;
				INFOPLIST_FILE = WheelPathUITests/Info.plist;
				LD_RUNPATH_SEARCH_PATHS = (
					"$(inherited)",
					"@executable_path/Frameworks",
					"@loader_path/Frameworks",
				);
				PRODUCT_BUNDLE_IDENTIFIER = monash.WheelPathUITests;
				PRODUCT_NAME = "$(TARGET_NAME)";
				SWIFT_VERSION = 4.0;
				TARGETED_DEVICE_FAMILY = "1,2";
				TEST_TARGET_NAME = WheelPath;
			};
			name = Release;
		};
/* End XCBuildConfiguration section */

/* Begin XCConfigurationList section */
		A3F09B5D212A875D00224A7E /* Build configuration list for PBXProject "WheelPath" */ = {
			isa = XCConfigurationList;
			buildConfigurations = (
				A3F09B8B212A875E00224A7E /* Debug */,
				A3F09B8C212A875E00224A7E /* Release */,
			);
			defaultConfigurationIsVisible = 0;
			defaultConfigurationName = Release;
		};
		A3F09B8D212A875E00224A7E /* Build configuration list for PBXNativeTarget "WheelPath" */ = {
			isa = XCConfigurationList;
			buildConfigurations = (
				A3F09B8E212A875E00224A7E /* Debug */,
				A3F09B8F212A875E00224A7E /* Release */,
			);
			defaultConfigurationIsVisible = 0;
			defaultConfigurationName = Release;
		};
		A3F09B90212A875E00224A7E /* Build configuration list for PBXNativeTarget "WheelPathTests" */ = {
			isa = XCConfigurationList;
			buildConfigurations = (
				A3F09B91212A875E00224A7E /* Debug */,
				A3F09B92212A875E00224A7E /* Release */,
			);
			defaultConfigurationIsVisible = 0;
			defaultConfigurationName = Release;
		};
		A3F09B93212A875E00224A7E /* Build configuration list for PBXNativeTarget "WheelPathUITests" */ = {
			isa = XCConfigurationList;
			buildConfigurations = (
				A3F09B94212A875E00224A7E /* Debug */,
				A3F09B95212A875E00224A7E /* Release */,
			);
			defaultConfigurationIsVisible = 0;
			defaultConfigurationName = Release;
		};
/* End XCConfigurationList section */

/* Begin XCVersionGroup section */
		A3F09B6C212A875D00224A7E /* WheelPath.xcdatamodeld */ = {
			isa = XCVersionGroup;
			children = (
				A3F09B6D212A875D00224A7E /* WheelPath.xcdatamodel */,
			);
			currentVersion = A3F09B6D212A875D00224A7E /* WheelPath.xcdatamodel */;
			path = WheelPath.xcdatamodeld;
			sourceTree = "<group>";
			versionGroupType = wrapper.xcdatamodel;
		};
/* End XCVersionGroup section */
	};
	rootObject = A3F09B5A212A875D00224A7E /* Project object */;
}
