// !$*UTF8*$!
{
	archiveVersion = 1;
	classes = {
	};
	objectVersion = 50;
	objects = {

/* Begin PBXBuildFile section */
		A3F09B66212A875D00224A7E /* AppDelegate.swift in Sources */ = {isa = PBXBuildFile; fileRef = A3F09B65212A875D00224A7E /* AppDelegate.swift */; };
		A3F09B68212A875D00224A7E /* ViewController.swift in Sources */ = {isa = PBXBuildFile; fileRef = A3F09B67212A875D00224A7E /* ViewController.swift */; };
		A3F09B6B212A875D00224A7E /* Main.storyboard in Resources */ = {isa = PBXBuildFile; fileRef = A3F09B69212A875D00224A7E /* Main.storyboard */; };
		A3F09B6E212A875D00224A7E /* WheelPath.xcdatamodeld in Sources */ = {isa = PBXBuildFile; fileRef = A3F09B6C212A875D00224A7E /* WheelPath.xcdatamodeld */; };
		A3F09B70212A875E00224A7E /* Assets.xcassets in Resources */ = {isa = PBXBuildFile; fileRef = A3F09B6F212A875E00224A7E /* Assets.xcassets */; };
		A3F09B73212A875E00224A7E /* LaunchScreen.storyboard in Resources */ = {isa = PBXBuildFile; fileRef = A3F09B71212A875E00224A7E /* LaunchScreen.storyboard */; };
		A3F09B7E212A875E00224A7E /* WheelPathTests.swift in Sources */ = {isa = PBXBuildFile; fileRef = A3F09B7D212A875E00224A7E /* WheelPathTests.swift */; };
		A3F09B89212A875E00224A7E /* WheelPathUITests.swift in Sources */ = {isa = PBXBuildFile; fileRef = A3F09B88212A875E00224A7E /* WheelPathUITests.swift */; };
		A3F09B97212A887900224A7E /* GoogleService-Info.plist in Resources */ = {isa = PBXBuildFile; fileRef = A3F09B96212A887900224A7E /* GoogleService-Info.plist */; };
/* End PBXBuildFile section */

/* Begin PBXContainerItemProxy section */
		A3F09B7A212A875E00224A7E /* PBXContainerItemProxy */ = {
			isa = PBXContainerItemProxy;
			containerPortal = A3F09B5A212A875D00224A7E /* Project object */;
			proxyType = 1;
			remoteGlobalIDString = A3F09B61212A875D00224A7E;
			remoteInfo = WheelPath;
		};
		A3F09B85212A875E00224A7E /* PBXContainerItemProxy */ = {
			isa = PBXContainerItemProxy;
			containerPortal = A3F09B5A212A875D00224A7E /* Project object */;
			proxyType = 1;
			remoteGlobalIDString = A3F09B61212A875D00224A7E;
			remoteInfo = WheelPath;
		};
/* End PBXContainerItemProxy section */

/* Begin PBXFileReference section */
		A3F09B62212A875D00224A7E /* WheelPath.app */ = {isa = PBXFileReference; explicitFileType = wrapper.application; includeInIndex = 0; path = WheelPath.app; sourceTree = BUILT_PRODUCTS_DIR; };
		A3F09B65212A875D00224A7E /* AppDelegate.swift */ = {isa = PBXFileReference; lastKnownFileType = sourcecode.swift; path = AppDelegate.swift; sourceTree = "<group>"; };
		A3F09B67212A875D00224A7E /* ViewController.swift */ = {isa = PBXFileReference; lastKnownFileType = sourcecode.swift; path = ViewController.swift; sourceTree = "<group>"; };
		A3F09B6A212A875D00224A7E /* Base */ = {isa = PBXFileReference; lastKnownFileType = file.storyboard; name = Base; path = Base.lproj/Main.storyboard; sourceTree = "<group>"; };
		A3F09B6D212A875D00224A7E /* WheelPath.xcdatamodel */ = {isa = PBXFileReference; lastKnownFileType = wrapper.xcdatamodel; path = WheelPath.xcdatamodel; sourceTree = "<group>"; };
		A3F09B6F212A875E00224A7E /* Assets.xcassets */ = {isa = PBXFileReference; lastKnownFileType = folder.assetcatalog; path = Assets.xcassets; sourceTree = "<group>"; };
		A3F09B72212A875E00224A7E /* Base */ = {isa = PBXFileReference; lastKnownFileType = file.storyboard; name = Base; path = Base.lproj/LaunchScreen.storyboard; sourceTree = "<group>"; };
		A3F09B74212A875E00224A7E /* Info.plist */ = {isa = PBXFileReference; lastKnownFileType = text.plist.xml; path = Info.plist; sourceTree = "<group>"; };
		A3F09B79212A875E00224A7E /* WheelPathTests.xctest */ = {isa = PBXFileReference; explicitFileType = wrapper.cfbundle; includeInIndex = 0; path = WheelPathTests.xctest; sourceTree = BUILT_PRODUCTS_DIR; };
		A3F09B7D212A875E00224A7E /* WheelPathTests.swift */ = {isa = PBXFileReference; lastKnownFileType = sourcecode.swift; path = WheelPathTests.swift; sourceTree = "<group>"; };
		A3F09B7F212A875E00224A7E /* Info.plist */ = {isa = PBXFileReference; lastKnownFileType = text.plist.xml; path = Info.plist; sourceTree = "<group>"; };
		A3F09B84212A875E00224A7E /* WheelPathUITests.xctest */ = {isa = PBXFileReference; explicitFileType = wrapper.cfbundle; includeInIndex = 0; path = WheelPathUITests.xctest; sourceTree = BUILT_PRODUCTS_DIR; };
		A3F09B88212A875E00224A7E /* WheelPathUITests.swift */ = {isa = PBXFileReference; lastKnownFileType = sourcecode.swift; path = WheelPathUITests.swift; sourceTree = "<group>"; };
		A3F09B8A212A875E00224A7E /* Info.plist */ = {isa = PBXFileReference; lastKnownFileType = text.plist.xml; path = Info.plist; sourceTree = "<group>"; };
		A3F09B96212A887900224A7E /* GoogleService-Info.plist */ = {isa = PBXFileReference; fileEncoding = 4; lastKnownFileType = text.plist.xml; path = "GoogleService-Info.plist"; sourceTree = "<group>"; };
/* End PBXFileReference section */

/* Begin PBXFrameworksBuildPhase section */
		A3F09B5F212A875D00224A7E /* Frameworks */ = {
			isa = PBXFrameworksBuildPhase;
			buildActionMask = 2147483647;
			files = (
			);
			runOnlyForDeploymentPostprocessing = 0;
		};
		A3F09B76212A875E00224A7E /* Frameworks */ = {
			isa = PBXFrameworksBuildPhase;
			buildActionMask = 2147483647;
			files = (
			);
			runOnlyForDeploymentPostprocessing = 0;
		};
		A3F09B81212A875E00224A7E /* Frameworks */ = {
			isa = PBXFrameworksBuildPhase;
			buildActionMask = 2147483647;
			files = (
			);
			runOnlyForDeploymentPostprocessing = 0;
		};
/* End PBXFrameworksBuildPhase section */

/* Begin PBXGroup section */
		A3F09B59212A875D00224A7E = {
			isa = PBXGroup;
			children = (
				A3F09B64212A875D00224A7E /* WheelPath */,
				A3F09B7C212A875E00224A7E /* WheelPathTests */,
				A3F09B87212A875E00224A7E /* WheelPathUITests */,
				A3F09B63212A875D00224A7E /* Products */,
			);
			sourceTree = "<group>";
		};
		A3F09B63212A875D00224A7E /* Products */ = {
			isa = PBXGroup;
			children = (
				A3F09B62212A875D00224A7E /* WheelPath.app */,
				A3F09B79212A875E00224A7E /* WheelPathTests.xctest */,
				A3F09B84212A875E00224A7E /* WheelPathUITests.xctest */,
			);
			name = Products;
			sourceTree = "<group>";
		};
		A3F09B64212A875D00224A7E /* WheelPath */ = {
			isa = PBXGroup;
			children = (
				A3F09B65212A875D00224A7E /* AppDelegate.swift */,
				A3F09B67212A875D00224A7E /* ViewController.swift */,
				A3F09B69212A875D00224A7E /* Main.storyboard */,
				A3F09B6F212A875E00224A7E /* Assets.xcassets */,
				A3F09B96212A887900224A7E /* GoogleService-Info.plist */,
				A3F09B71212A875E00224A7E /* LaunchScreen.storyboard */,
				A3F09B74212A875E00224A7E /* Info.plist */,
				A3F09B6C212A875D00224A7E /* WheelPath.xcdatamodeld */,
			);
			path = WheelPath;
			sourceTree = "<group>";
		};
		A3F09B7C212A875E00224A7E /* WheelPathTests */ = {
			isa = PBXGroup;
			children = (
				A3F09B7D212A875E00224A7E /* WheelPathTests.swift */,
				A3F09B7F212A875E00224A7E /* Info.plist */,
			);
			path = WheelPathTests;
			sourceTree = "<group>";
		};
		A3F09B87212A875E00224A7E /* WheelPathUITests */ = {
			isa = PBXGroup;
			children = (
				A3F09B88212A875E00224A7E /* WheelPathUITests.swift */,
				A3F09B8A212A875E00224A7E /* Info.plist */,
			);
			path = WheelPathUITests;
			sourceTree = "<group>";
		};
/* End PBXGroup section */

/* Begin PBXNativeTarget section */
		A3F09B61212A875D00224A7E /* WheelPath */ = {
			isa = PBXNativeTarget;
			buildConfigurationList = A3F09B8D212A875E00224A7E /* Build configuration list for PBXNativeTarget "WheelPath" */;
			buildPhases = (
				A3F09B5E212A875D00224A7E /* Sources */,
				A3F09B5F212A875D00224A7E /* Frameworks */,
				A3F09B60212A875D00224A7E /* Resources */,
			);
			buildRules = (
			);
			dependencies = (
			);
			name = WheelPath;
			productName = WheelPath;
			productReference = A3F09B62212A875D00224A7E /* WheelPath.app */;
			productType = "com.apple.product-type.application";
		};
		A3F09B78212A875E00224A7E /* WheelPathTests */ = {
			isa = PBXNativeTarget;
			buildConfigurationList = A3F09B90212A875E00224A7E /* Build configuration list for PBXNativeTarget "WheelPathTests" */;
			buildPhases = (
				A3F09B75212A875E00224A7E /* Sources */,
				A3F09B76212A875E00224A7E /* Frameworks */,
				A3F09B77212A875E00224A7E /* Resources */,
			);
			buildRules = (
			);
			dependencies = (
				A3F09B7B212A875E00224A7E /* PBXTargetDependency */,
			);
			name = WheelPathTests;
			productName = WheelPathTests;
			productReference = A3F09B79212A875E00224A7E /* WheelPathTests.xctest */;
			productType = "com.apple.product-type.bundle.unit-test";
		};
		A3F09B83212A875E00224A7E /* WheelPathUITests */ = {
			isa = PBXNativeTarget;
			buildConfigurationList = A3F09B93212A875E00224A7E /* Build configuration list for PBXNativeTarget "WheelPathUITests" */;
			buildPhases = (
				A3F09B80212A875E00224A7E /* Sources */,
				A3F09B81212A875E00224A7E /* Frameworks */,
				A3F09B82212A875E00224A7E /* Resources */,
			);
			buildRules = (
			);
			dependencies = (
				A3F09B86212A875E00224A7E /* PBXTargetDependency */,
			);
			name = WheelPathUITests;
			productName = WheelPathUITests;
			productReference = A3F09B84212A875E00224A7E /* WheelPathUITests.xctest */;
			productType = "com.apple.product-type.bundle.ui-testing";
		};
/* End PBXNativeTarget section */

/* Begin PBXProject section */
		A3F09B5A212A875D00224A7E /* Project object */ = {
			isa = PBXProject;
			attributes = {
				LastSwiftUpdateCheck = 0940;
				LastUpgradeCheck = 0940;
				ORGANIZATIONNAME = "Salamender Li";
				TargetAttributes = {
					A3F09B61212A875D00224A7E = {
						CreatedOnToolsVersion = 9.4.1;
					};
					A3F09B78212A875E00224A7E = {
						CreatedOnToolsVersion = 9.4.1;
						TestTargetID = A3F09B61212A875D00224A7E;
					};
					A3F09B83212A875E00224A7E = {
						CreatedOnToolsVersion = 9.4.1;
						TestTargetID = A3F09B61212A875D00224A7E;
					};
				};
			};
			buildConfigurationList = A3F09B5D212A875D00224A7E /* Build configuration list for PBXProject "WheelPath" */;
			compatibilityVersion = "Xcode 9.3";
			developmentRegion = en;
			hasScannedForEncodings = 0;
			knownRegions = (
				en,
				Base,
			);
			mainGroup = A3F09B59212A875D00224A7E;
			productRefGroup = A3F09B63212A875D00224A7E /* Products */;
			projectDirPath = "";
			projectRoot = "";
			targets = (
				A3F09B61212A875D00224A7E /* WheelPath */,
				A3F09B78212A875E00224A7E /* WheelPathTests */,
				A3F09B83212A875E00224A7E /* WheelPathUITests */,
			);
		};
/* End PBXProject section */

/* Begin PBXResourcesBuildPhase section */
		A3F09B60212A875D00224A7E /* Resources */ = {
			isa = PBXResourcesBuildPhase;
			buildActionMask = 2147483647;
			files = (
				A3F09B73212A875E00224A7E /* LaunchScreen.storyboard in Resources */,
				A3F09B97212A887900224A7E /* GoogleService-Info.plist in Resources */,
				A3F09B70212A875E00224A7E /* Assets.xcassets in Resources */,
				A3F09B6B212A875D00224A7E /* Main.storyboard in Resources */,
			);
			runOnlyForDeploymentPostprocessing = 0;
		};
		A3F09B77212A875E00224A7E /* Resources */ = {
			isa = PBXResourcesBuildPhase;
			buildActionMask = 2147483647;
			files = (
			);
			runOnlyForDeploymentPostprocessing = 0;
		};
		A3F09B82212A875E00224A7E /* Resources */ = {
			isa = PBXResourcesBuildPhase;
			buildActionMask = 2147483647;
			files = (
			);
			runOnlyForDeploymentPostprocessing = 0;
		};
/* End PBXResourcesBuildPhase section */

/* Begin PBXSourcesBuildPhase section */
		A3F09B5E212A875D00224A7E /* Sources */ = {
			isa = PBXSourcesBuildPhase;
			buildActionMask = 2147483647;
			files = (
				A3F09B6E212A875D00224A7E /* WheelPath.xcdatamodeld in Sources */,
				A3F09B68212A875D00224A7E /* ViewController.swift in Sources */,
				A3F09B66212A875D00224A7E /* AppDelegate.swift in Sources */,
			);
			runOnlyForDeploymentPostprocessing = 0;
		};
		A3F09B75212A875E00224A7E /* Sources */ = {
			isa = PBXSourcesBuildPhase;
			buildActionMask = 2147483647;
			files = (
				A3F09B7E212A875E00224A7E /* WheelPathTests.swift in Sources */,
			);
			runOnlyForDeploymentPostprocessing = 0;
		};
		A3F09B80212A875E00224A7E /* Sources */ = {
			isa = PBXSourcesBuildPhase;
			buildActionMask = 2147483647;
			files = (
				A3F09B89212A875E00224A7E /* WheelPathUITests.swift in Sources */,
			);
			runOnlyForDeploymentPostprocessing = 0;
		};
/* End PBXSourcesBuildPhase section */

/* Begin PBXTargetDependency section */
		A3F09B7B212A875E00224A7E /* PBXTargetDependency */ = {
			isa = PBXTargetDependency;
			target = A3F09B61212A875D00224A7E /* WheelPath */;
			targetProxy = A3F09B7A212A875E00224A7E /* PBXContainerItemProxy */;
		};
		A3F09B86212A875E00224A7E /* PBXTargetDependency */ = {
			isa = PBXTargetDependency;
			target = A3F09B61212A875D00224A7E /* WheelPath */;
			targetProxy = A3F09B85212A875E00224A7E /* PBXContainerItemProxy */;
		};
/* End PBXTargetDependency section */

/* Begin PBXVariantGroup section */
		A3F09B69212A875D00224A7E /* Main.storyboard */ = {
			isa = PBXVariantGroup;
			children = (
				A3F09B6A212A875D00224A7E /* Base */,
			);
			name = Main.storyboard;
			sourceTree = "<group>";
		};
		A3F09B71212A875E00224A7E /* LaunchScreen.storyboard */ = {
			isa = PBXVariantGroup;
			children = (
				A3F09B72212A875E00224A7E /* Base */,
			);
			name = LaunchScreen.storyboard;
			sourceTree = "<group>";
		};
/* End PBXVariantGroup section */

/* Begin XCBuildConfiguration section */
		A3F09B8B212A875E00224A7E /* Debug */ = {
			isa = XCBuildConfiguration;
			buildSettings = {
				ALWAYS_SEARCH_USER_PATHS = NO;
				CLANG_ANALYZER_NONNULL = YES;
				CLANG_ANALYZER_NUMBER_OBJECT_CONVERSION = YES_AGGRESSIVE;
				CLANG_CXX_LANGUAGE_STANDARD = "gnu++14";
				CLANG_CXX_LIBRARY = "libc++";
				CLANG_ENABLE_MODULES = YES;
				CLANG_ENABLE_OBJC_ARC = YES;
				CLANG_ENABLE_OBJC_WEAK = YES;
				CLANG_WARN_BLOCK_CAPTURE_AUTORELEASING = YES;
				CLANG_WARN_BOOL_CONVERSION = YES;
				CLANG_WARN_COMMA = YES;
				CLANG_WARN_CONSTANT_CONVERSION = YES;
				CLANG_WARN_DEPRECATED_OBJC_IMPLEMENTATIONS = YES;
				CLANG_WARN_DIRECT_OBJC_ISA_USAGE = YES_ERROR;
				CLANG_WARN_DOCUMENTATION_COMMENTS = YES;
				CLANG_WARN_EMPTY_BODY = YES;
				CLANG_WARN_ENUM_CONVERSION = YES;
				CLANG_WARN_INFINITE_RECURSION = YES;
				CLANG_WARN_INT_CONVERSION = YES;
				CLANG_WARN_NON_LITERAL_NULL_CONVERSION = YES;
				CLANG_WARN_OBJC_IMPLICIT_RETAIN_SELF = YES;
				CLANG_WARN_OBJC_LITERAL_CONVERSION = YES;
				CLANG_WARN_OBJC_ROOT_CLASS = YES_ERROR;
				CLANG_WARN_RANGE_LOOP_ANALYSIS = YES;
				CLANG_WARN_STRICT_PROTOTYPES = YES;
				CLANG_WARN_SUSPICIOUS_MOVE = YES;
				CLANG_WARN_UNGUARDED_AVAILABILITY = YES_AGGRESSIVE;
				CLANG_WARN_UNREACHABLE_CODE = YES;
				CLANG_WARN__DUPLICATE_METHOD_MATCH = YES;
				CODE_SIGN_IDENTITY = "iPhone Developer";
				COPY_PHASE_STRIP = NO;
				DEBUG_INFORMATION_FORMAT = dwarf;
				ENABLE_STRICT_OBJC_MSGSEND = YES;
				ENABLE_TESTABILITY = YES;
				GCC_C_LANGUAGE_STANDARD = gnu11;
				GCC_DYNAMIC_NO_PIC = NO;
				GCC_NO_COMMON_BLOCKS = YES;
				GCC_OPTIMIZATION_LEVEL = 0;
				GCC_PREPROCESSOR_DEFINITIONS = (
					"DEBUG=1",
					"$(inherited)",
				);
				GCC_WARN_64_TO_32_BIT_CONVERSION = YES;
				GCC_WARN_ABOUT_RETURN_TYPE = YES_ERROR;
				GCC_WARN_UNDECLARED_SELECTOR = YES;
				GCC_WARN_UNINITIALIZED_AUTOS = YES_AGGRESSIVE;
				GCC_WARN_UNUSED_FUNCTION = YES;
				GCC_WARN_UNUSED_VARIABLE = YES;
				IPHONEOS_DEPLOYMENT_TARGET = 11.4;
				MTL_ENABLE_DEBUG_INFO = YES;
				ONLY_ACTIVE_ARCH = YES;
				SDKROOT = iphoneos;
				SWIFT_ACTIVE_COMPILATION_CONDITIONS = DEBUG;
				SWIFT_OPTIMIZATION_LEVEL = "-Onone";
			};
			name = Debug;
		};
		A3F09B8C212A875E00224A7E /* Release */ = {
			isa = XCBuildConfiguration;
			buildSettings = {
				ALWAYS_SEARCH_USER_PATHS = NO;
				CLANG_ANALYZER_NONNULL = YES;
				CLANG_ANALYZER_NUMBER_OBJECT_CONVERSION = YES_AGGRESSIVE;
				CLANG_CXX_LANGUAGE_STANDARD = "gnu++14";
				CLANG_CXX_LIBRARY = "libc++";
				CLANG_ENABLE_MODULES = YES;
				CLANG_ENABLE_OBJC_ARC = YES;
				CLANG_ENABLE_OBJC_WEAK = YES;
				CLANG_WARN_BLOCK_CAPTURE_AUTORELEASING = YES;
				CLANG_WARN_BOOL_CONVERSION = YES;
				CLANG_WARN_COMMA = YES;
				CLANG_WARN_CONSTANT_CONVERSION = YES;
				CLANG_WARN_DEPRECATED_OBJC_IMPLEMENTATIONS = YES;
				CLANG_WARN_DIRECT_OBJC_ISA_USAGE = YES_ERROR;
				CLANG_WARN_DOCUMENTATION_COMMENTS = YES;
				CLANG_WARN_EMPTY_BODY = YES;
				CLANG_WARN_ENUM_CONVERSION = YES;
				CLANG_WARN_INFINITE_RECURSION = YES;
				CLANG_WARN_INT_CONVERSION = YES;
				CLANG_WARN_NON_LITERAL_NULL_CONVERSION = YES;
				CLANG_WARN_OBJC_IMPLICIT_RETAIN_SELF = YES;
				CLANG_WARN_OBJC_LITERAL_CONVERSION = YES;
				CLANG_WARN_OBJC_ROOT_CLASS = YES_ERROR;
				CLANG_WARN_RANGE_LOOP_ANALYSIS = YES;
				CLANG_WARN_STRICT_PROTOTYPES = YES;
				CLANG_WARN_SUSPICIOUS_MOVE = YES;
				CLANG_WARN_UNGUARDED_AVAILABILITY = YES_AGGRESSIVE;
				CLANG_WARN_UNREACHABLE_CODE = YES;
				CLANG_WARN__DUPLICATE_METHOD_MATCH = YES;
				CODE_SIGN_IDENTITY = "iPhone Developer";
				COPY_PHASE_STRIP = NO;
				DEBUG_INFORMATION_FORMAT = "dwarf-with-dsym";
				ENABLE_NS_ASSERTIONS = NO;
				ENABLE_STRICT_OBJC_MSGSEND = YES;
				GCC_C_LANGUAGE_STANDARD = gnu11;
				GCC_NO_COMMON_BLOCKS = YES;
				GCC_WARN_64_TO_32_BIT_CONVERSION = YES;
				GCC_WARN_ABOUT_RETURN_TYPE = YES_ERROR;
				GCC_WARN_UNDECLARED_SELECTOR = YES;
				GCC_WARN_UNINITIALIZED_AUTOS = YES_AGGRESSIVE;
				GCC_WARN_UNUSED_FUNCTION = YES;
				GCC_WARN_UNUSED_VARIABLE = YES;
				IPHONEOS_DEPLOYMENT_TARGET = 11.4;
				MTL_ENABLE_DEBUG_INFO = NO;
				SDKROOT = iphoneos;
				SWIFT_COMPILATION_MODE = wholemodule;
				SWIFT_OPTIMIZATION_LEVEL = "-O";
				VALIDATE_PRODUCT = YES;
			};
			name = Release;
		};
		A3F09B8E212A875E00224A7E /* Debug */ = {
			isa = XCBuildConfiguration;
			buildSettings = {
				ASSETCATALOG_COMPILER_APPICON_NAME = AppIcon;
				CODE_SIGN_IDENTITY = "iPhone Developer";
				CODE_SIGN_STYLE = Automatic;
				DEVELOPMENT_TEAM = NRL9LH8W6N;
				INFOPLIST_FILE = WheelPath/Info.plist;
				LD_RUNPATH_SEARCH_PATHS = (
					"$(inherited)",
					"@executable_path/Frameworks",
				);
				PRODUCT_BUNDLE_IDENTIFIER = monash.WheelPath;
				PRODUCT_NAME = "$(TARGET_NAME)";
				PROVISIONING_PROFILE_SPECIFIER = "";
				SWIFT_VERSION = 4.0;
				TARGETED_DEVICE_FAMILY = "1,2";
			};
			name = Debug;
		};
		A3F09B8F212A875E00224A7E /* Release */ = {
			isa = XCBuildConfiguration;
			buildSettings = {
				ASSETCATALOG_COMPILER_APPICON_NAME = AppIcon;
				CODE_SIGN_IDENTITY = "iPhone Developer";
				CODE_SIGN_STYLE = Automatic;
				DEVELOPMENT_TEAM = NRL9LH8W6N;
				INFOPLIST_FILE = WheelPath/Info.plist;
				LD_RUNPATH_SEARCH_PATHS = (
					"$(inherited)",
					"@executable_path/Frameworks",
				);
				PRODUCT_BUNDLE_IDENTIFIER = monash.WheelPath;
				PRODUCT_NAME = "$(TARGET_NAME)";
				PROVISIONING_PROFILE_SPECIFIER = "";
				SWIFT_VERSION = 4.0;
				TARGETED_DEVICE_FAMILY = "1,2";
			};
			name = Release;
		};
		A3F09B91212A875E00224A7E /* Debug */ = {
			isa = XCBuildConfiguration;
			buildSettings = {
				ALWAYS_EMBED_SWIFT_STANDARD_LIBRARIES = YES;
				BUNDLE_LOADER = "$(TEST_HOST)";
				CODE_SIGN_STYLE = Automatic;
				DEVELOPMENT_TEAM = NRL9LH8W6N;
				INFOPLIST_FILE = WheelPathTests/Info.plist;
				LD_RUNPATH_SEARCH_PATHS = (
					"$(inherited)",
					"@executable_path/Frameworks",
					"@loader_path/Frameworks",
				);
				PRODUCT_BUNDLE_IDENTIFIER = monash.WheelPathTests;
				PRODUCT_NAME = "$(TARGET_NAME)";
				SWIFT_VERSION = 4.0;
				TARGETED_DEVICE_FAMILY = "1,2";
				TEST_HOST = "$(BUILT_PRODUCTS_DIR)/WheelPath.app/WheelPath";
			};
			name = Debug;
		};
		A3F09B92212A875E00224A7E /* Release */ = {
			isa = XCBuildConfiguration;
			buildSettings = {
				ALWAYS_EMBED_SWIFT_STANDARD_LIBRARIES = YES;
				BUNDLE_LOADER = "$(TEST_HOST)";
				CODE_SIGN_STYLE = Automatic;
				DEVELOPMENT_TEAM = NRL9LH8W6N;
				INFOPLIST_FILE = WheelPathTests/Info.plist;
				LD_RUNPATH_SEARCH_PATHS = (
					"$(inherited)",
					"@executable_path/Frameworks",
					"@loader_path/Frameworks",
				);
				PRODUCT_BUNDLE_IDENTIFIER = monash.WheelPathTests;
				PRODUCT_NAME = "$(TARGET_NAME)";
				SWIFT_VERSION = 4.0;
				TARGETED_DEVICE_FAMILY = "1,2";
				TEST_HOST = "$(BUILT_PRODUCTS_DIR)/WheelPath.app/WheelPath";
			};
			name = Release;
		};
		A3F09B94212A875E00224A7E /* Debug */ = {
			isa = XCBuildConfiguration;
			buildSettings = {
				ALWAYS_EMBED_SWIFT_STANDARD_LIBRARIES = YES;
				CODE_SIGN_STYLE = Automatic;
				DEVELOPMENT_TEAM = NRL9LH8W6N;
				INFOPLIST_FILE = WheelPathUITests/Info.plist;
				LD_RUNPATH_SEARCH_PATHS = (
					"$(inherited)",
					"@executable_path/Frameworks",
					"@loader_path/Frameworks",
				);
				PRODUCT_BUNDLE_IDENTIFIER = monash.WheelPathUITests;
				PRODUCT_NAME = "$(TARGET_NAME)";
				SWIFT_VERSION = 4.0;
				TARGETED_DEVICE_FAMILY = "1,2";
				TEST_TARGET_NAME = WheelPath;
			};
			name = Debug;
		};
		A3F09B95212A875E00224A7E /* Release */ = {
			isa = XCBuildConfiguration;
			buildSettings = {
				ALWAYS_EMBED_SWIFT_STANDARD_LIBRARIES = YES;
				CODE_SIGN_STYLE = Automatic;
				DEVELOPMENT_TEAM = NRL9LH8W6N;
				INFOPLIST_FILE = WheelPathUITests/Info.plist;
				LD_RUNPATH_SEARCH_PATHS = (
					"$(inherited)",
					"@executable_path/Frameworks",
					"@loader_path/Frameworks",
				);
				PRODUCT_BUNDLE_IDENTIFIER = monash.WheelPathUITests;
				PRODUCT_NAME = "$(TARGET_NAME)";
				SWIFT_VERSION = 4.0;
				TARGETED_DEVICE_FAMILY = "1,2";
				TEST_TARGET_NAME = WheelPath;
			};
			name = Release;
		};
/* End XCBuildConfiguration section */

/* Begin XCConfigurationList section */
		A3F09B5D212A875D00224A7E /* Build configuration list for PBXProject "WheelPath" */ = {
			isa = XCConfigurationList;
			buildConfigurations = (
				A3F09B8B212A875E00224A7E /* Debug */,
				A3F09B8C212A875E00224A7E /* Release */,
			);
			defaultConfigurationIsVisible = 0;
			defaultConfigurationName = Release;
		};
		A3F09B8D212A875E00224A7E /* Build configuration list for PBXNativeTarget "WheelPath" */ = {
			isa = XCConfigurationList;
			buildConfigurations = (
				A3F09B8E212A875E00224A7E /* Debug */,
				A3F09B8F212A875E00224A7E /* Release */,
			);
			defaultConfigurationIsVisible = 0;
			defaultConfigurationName = Release;
		};
		A3F09B90212A875E00224A7E /* Build configuration list for PBXNativeTarget "WheelPathTests" */ = {
			isa = XCConfigurationList;
			buildConfigurations = (
				A3F09B91212A875E00224A7E /* Debug */,
				A3F09B92212A875E00224A7E /* Release */,
			);
			defaultConfigurationIsVisible = 0;
			defaultConfigurationName = Release;
		};
		A3F09B93212A875E00224A7E /* Build configuration list for PBXNativeTarget "WheelPathUITests" */ = {
			isa = XCConfigurationList;
			buildConfigurations = (
				A3F09B94212A875E00224A7E /* Debug */,
				A3F09B95212A875E00224A7E /* Release */,
			);
			defaultConfigurationIsVisible = 0;
			defaultConfigurationName = Release;
		};
/* End XCConfigurationList section */

/* Begin XCVersionGroup section */
		A3F09B6C212A875D00224A7E /* WheelPath.xcdatamodeld */ = {
			isa = XCVersionGroup;
			children = (
				A3F09B6D212A875D00224A7E /* WheelPath.xcdatamodel */,
			);
			currentVersion = A3F09B6D212A875D00224A7E /* WheelPath.xcdatamodel */;
			path = WheelPath.xcdatamodeld;
			sourceTree = "<group>";
			versionGroupType = wrapper.xcdatamodel;
		};
/* End XCVersionGroup section */
	};
	rootObject = A3F09B5A212A875D00224A7E /* Project object */;
}
