// !$*UTF8*$!
{
	archiveVersion = 1;
	classes = {
	};
	objectVersion = 50;
	objects = {

/* Begin PBXBuildFile section */
		A3E84B47212A80A5005D5F04 /* AppDelegate.swift in Sources */ = {isa = PBXBuildFile; fileRef = A3E84B46212A80A5005D5F04 /* AppDelegate.swift */; };
		A3E84B49212A80A5005D5F04 /* ViewController.swift in Sources */ = {isa = PBXBuildFile; fileRef = A3E84B48212A80A5005D5F04 /* ViewController.swift */; };
		A3E84B4C212A80A5005D5F04 /* Main.storyboard in Resources */ = {isa = PBXBuildFile; fileRef = A3E84B4A212A80A5005D5F04 /* Main.storyboard */; };
		A3E84B4F212A80A5005D5F04 /* WheelPath.xcdatamodeld in Sources */ = {isa = PBXBuildFile; fileRef = A3E84B4D212A80A5005D5F04 /* WheelPath.xcdatamodeld */; };
		A3E84B51212A80A6005D5F04 /* Assets.xcassets in Resources */ = {isa = PBXBuildFile; fileRef = A3E84B50212A80A6005D5F04 /* Assets.xcassets */; };
		A3E84B54212A80A6005D5F04 /* LaunchScreen.storyboard in Resources */ = {isa = PBXBuildFile; fileRef = A3E84B52212A80A6005D5F04 /* LaunchScreen.storyboard */; };
		A3E84B5F212A80A6005D5F04 /* WheelPathTests.swift in Sources */ = {isa = PBXBuildFile; fileRef = A3E84B5E212A80A6005D5F04 /* WheelPathTests.swift */; };
		A3E84B6A212A80A7005D5F04 /* WheelPathUITests.swift in Sources */ = {isa = PBXBuildFile; fileRef = A3E84B69212A80A7005D5F04 /* WheelPathUITests.swift */; };
/* End PBXBuildFile section */

/* Begin PBXContainerItemProxy section */
		A3E84B5B212A80A6005D5F04 /* PBXContainerItemProxy */ = {
			isa = PBXContainerItemProxy;
			containerPortal = A3E84B3B212A80A5005D5F04 /* Project object */;
			proxyType = 1;
			remoteGlobalIDString = A3E84B42212A80A5005D5F04;
			remoteInfo = WheelPath;
		};
		A3E84B66212A80A7005D5F04 /* PBXContainerItemProxy */ = {
			isa = PBXContainerItemProxy;
			containerPortal = A3E84B3B212A80A5005D5F04 /* Project object */;
			proxyType = 1;
			remoteGlobalIDString = A3E84B42212A80A5005D5F04;
			remoteInfo = WheelPath;
		};
/* End PBXContainerItemProxy section */

/* Begin PBXFileReference section */
		A3E84B43212A80A5005D5F04 /* WheelPath.app */ = {isa = PBXFileReference; explicitFileType = wrapper.application; includeInIndex = 0; path = WheelPath.app; sourceTree = BUILT_PRODUCTS_DIR; };
		A3E84B46212A80A5005D5F04 /* AppDelegate.swift */ = {isa = PBXFileReference; lastKnownFileType = sourcecode.swift; path = AppDelegate.swift; sourceTree = "<group>"; };
		A3E84B48212A80A5005D5F04 /* ViewController.swift */ = {isa = PBXFileReference; lastKnownFileType = sourcecode.swift; path = ViewController.swift; sourceTree = "<group>"; };
		A3E84B4B212A80A5005D5F04 /* Base */ = {isa = PBXFileReference; lastKnownFileType = file.storyboard; name = Base; path = Base.lproj/Main.storyboard; sourceTree = "<group>"; };
		A3E84B4E212A80A5005D5F04 /* WheelPath.xcdatamodel */ = {isa = PBXFileReference; lastKnownFileType = wrapper.xcdatamodel; path = WheelPath.xcdatamodel; sourceTree = "<group>"; };
		A3E84B50212A80A6005D5F04 /* Assets.xcassets */ = {isa = PBXFileReference; lastKnownFileType = folder.assetcatalog; path = Assets.xcassets; sourceTree = "<group>"; };
		A3E84B53212A80A6005D5F04 /* Base */ = {isa = PBXFileReference; lastKnownFileType = file.storyboard; name = Base; path = Base.lproj/LaunchScreen.storyboard; sourceTree = "<group>"; };
		A3E84B55212A80A6005D5F04 /* Info.plist */ = {isa = PBXFileReference; lastKnownFileType = text.plist.xml; path = Info.plist; sourceTree = "<group>"; };
		A3E84B5A212A80A6005D5F04 /* WheelPathTests.xctest */ = {isa = PBXFileReference; explicitFileType = wrapper.cfbundle; includeInIndex = 0; path = WheelPathTests.xctest; sourceTree = BUILT_PRODUCTS_DIR; };
		A3E84B5E212A80A6005D5F04 /* WheelPathTests.swift */ = {isa = PBXFileReference; lastKnownFileType = sourcecode.swift; path = WheelPathTests.swift; sourceTree = "<group>"; };
		A3E84B60212A80A7005D5F04 /* Info.plist */ = {isa = PBXFileReference; lastKnownFileType = text.plist.xml; path = Info.plist; sourceTree = "<group>"; };
		A3E84B65212A80A7005D5F04 /* WheelPathUITests.xctest */ = {isa = PBXFileReference; explicitFileType = wrapper.cfbundle; includeInIndex = 0; path = WheelPathUITests.xctest; sourceTree = BUILT_PRODUCTS_DIR; };
		A3E84B69212A80A7005D5F04 /* WheelPathUITests.swift */ = {isa = PBXFileReference; lastKnownFileType = sourcecode.swift; path = WheelPathUITests.swift; sourceTree = "<group>"; };
		A3E84B6B212A80A7005D5F04 /* Info.plist */ = {isa = PBXFileReference; lastKnownFileType = text.plist.xml; path = Info.plist; sourceTree = "<group>"; };
/* End PBXFileReference section */

/* Begin PBXFrameworksBuildPhase section */
		A3E84B40212A80A5005D5F04 /* Frameworks */ = {
			isa = PBXFrameworksBuildPhase;
			buildActionMask = 2147483647;
			files = (
			);
			runOnlyForDeploymentPostprocessing = 0;
		};
		A3E84B57212A80A6005D5F04 /* Frameworks */ = {
			isa = PBXFrameworksBuildPhase;
			buildActionMask = 2147483647;
			files = (
			);
			runOnlyForDeploymentPostprocessing = 0;
		};
		A3E84B62212A80A7005D5F04 /* Frameworks */ = {
			isa = PBXFrameworksBuildPhase;
			buildActionMask = 2147483647;
			files = (
			);
			runOnlyForDeploymentPostprocessing = 0;
		};
/* End PBXFrameworksBuildPhase section */

/* Begin PBXGroup section */
		A3E84B3A212A80A5005D5F04 = {
			isa = PBXGroup;
			children = (
				A3E84B45212A80A5005D5F04 /* WheelPath */,
				A3E84B5D212A80A6005D5F04 /* WheelPathTests */,
				A3E84B68212A80A7005D5F04 /* WheelPathUITests */,
				A3E84B44212A80A5005D5F04 /* Products */,
			);
			sourceTree = "<group>";
		};
		A3E84B44212A80A5005D5F04 /* Products */ = {
			isa = PBXGroup;
			children = (
				A3E84B43212A80A5005D5F04 /* WheelPath.app */,
				A3E84B5A212A80A6005D5F04 /* WheelPathTests.xctest */,
				A3E84B65212A80A7005D5F04 /* WheelPathUITests.xctest */,
			);
			name = Products;
			sourceTree = "<group>";
		};
		A3E84B45212A80A5005D5F04 /* WheelPath */ = {
			isa = PBXGroup;
			children = (
				A3E84B46212A80A5005D5F04 /* AppDelegate.swift */,
				A3E84B48212A80A5005D5F04 /* ViewController.swift */,
				A3E84B4A212A80A5005D5F04 /* Main.storyboard */,
				A3E84B50212A80A6005D5F04 /* Assets.xcassets */,
				A3E84B52212A80A6005D5F04 /* LaunchScreen.storyboard */,
				A3E84B55212A80A6005D5F04 /* Info.plist */,
				A3E84B4D212A80A5005D5F04 /* WheelPath.xcdatamodeld */,
			);
			path = WheelPath;
			sourceTree = "<group>";
		};
		A3E84B5D212A80A6005D5F04 /* WheelPathTests */ = {
			isa = PBXGroup;
			children = (
				A3E84B5E212A80A6005D5F04 /* WheelPathTests.swift */,
				A3E84B60212A80A7005D5F04 /* Info.plist */,
			);
			path = WheelPathTests;
			sourceTree = "<group>";
		};
		A3E84B68212A80A7005D5F04 /* WheelPathUITests */ = {
			isa = PBXGroup;
			children = (
				A3E84B69212A80A7005D5F04 /* WheelPathUITests.swift */,
				A3E84B6B212A80A7005D5F04 /* Info.plist */,
			);
			path = WheelPathUITests;
			sourceTree = "<group>";
		};
/* End PBXGroup section */

/* Begin PBXNativeTarget section */
		A3E84B42212A80A5005D5F04 /* WheelPath */ = {
			isa = PBXNativeTarget;
			buildConfigurationList = A3E84B6E212A80A7005D5F04 /* Build configuration list for PBXNativeTarget "WheelPath" */;
			buildPhases = (
				A3E84B3F212A80A5005D5F04 /* Sources */,
				A3E84B40212A80A5005D5F04 /* Frameworks */,
				A3E84B41212A80A5005D5F04 /* Resources */,
			);
			buildRules = (
			);
			dependencies = (
			);
			name = WheelPath;
			productName = WheelPath;
			productReference = A3E84B43212A80A5005D5F04 /* WheelPath.app */;
			productType = "com.apple.product-type.application";
		};
		A3E84B59212A80A6005D5F04 /* WheelPathTests */ = {
			isa = PBXNativeTarget;
			buildConfigurationList = A3E84B71212A80A7005D5F04 /* Build configuration list for PBXNativeTarget "WheelPathTests" */;
			buildPhases = (
				A3E84B56212A80A6005D5F04 /* Sources */,
				A3E84B57212A80A6005D5F04 /* Frameworks */,
				A3E84B58212A80A6005D5F04 /* Resources */,
			);
			buildRules = (
			);
			dependencies = (
				A3E84B5C212A80A6005D5F04 /* PBXTargetDependency */,
			);
			name = WheelPathTests;
			productName = WheelPathTests;
			productReference = A3E84B5A212A80A6005D5F04 /* WheelPathTests.xctest */;
			productType = "com.apple.product-type.bundle.unit-test";
		};
		A3E84B64212A80A7005D5F04 /* WheelPathUITests */ = {
			isa = PBXNativeTarget;
			buildConfigurationList = A3E84B74212A80A7005D5F04 /* Build configuration list for PBXNativeTarget "WheelPathUITests" */;
			buildPhases = (
				A3E84B61212A80A7005D5F04 /* Sources */,
				A3E84B62212A80A7005D5F04 /* Frameworks */,
				A3E84B63212A80A7005D5F04 /* Resources */,
			);
			buildRules = (
			);
			dependencies = (
				A3E84B67212A80A7005D5F04 /* PBXTargetDependency */,
			);
			name = WheelPathUITests;
			productName = WheelPathUITests;
			productReference = A3E84B65212A80A7005D5F04 /* WheelPathUITests.xctest */;
			productType = "com.apple.product-type.bundle.ui-testing";
		};
/* End PBXNativeTarget section */

/* Begin PBXProject section */
		A3E84B3B212A80A5005D5F04 /* Project object */ = {
			isa = PBXProject;
			attributes = {
				LastSwiftUpdateCheck = 0940;
				LastUpgradeCheck = 0940;
				ORGANIZATIONNAME = "Salamender Li";
				TargetAttributes = {
					A3E84B42212A80A5005D5F04 = {
						CreatedOnToolsVersion = 9.4.1;
					};
					A3E84B59212A80A6005D5F04 = {
						CreatedOnToolsVersion = 9.4.1;
						TestTargetID = A3E84B42212A80A5005D5F04;
					};
					A3E84B64212A80A7005D5F04 = {
						CreatedOnToolsVersion = 9.4.1;
						TestTargetID = A3E84B42212A80A5005D5F04;
					};
				};
			};
			buildConfigurationList = A3E84B3E212A80A5005D5F04 /* Build configuration list for PBXProject "WheelPath" */;
			compatibilityVersion = "Xcode 9.3";
			developmentRegion = en;
			hasScannedForEncodings = 0;
			knownRegions = (
				en,
				Base,
			);
			mainGroup = A3E84B3A212A80A5005D5F04;
			productRefGroup = A3E84B44212A80A5005D5F04 /* Products */;
			projectDirPath = "";
			projectRoot = "";
			targets = (
				A3E84B42212A80A5005D5F04 /* WheelPath */,
				A3E84B59212A80A6005D5F04 /* WheelPathTests */,
				A3E84B64212A80A7005D5F04 /* WheelPathUITests */,
			);
		};
/* End PBXProject section */

/* Begin PBXResourcesBuildPhase section */
		A3E84B41212A80A5005D5F04 /* Resources */ = {
			isa = PBXResourcesBuildPhase;
			buildActionMask = 2147483647;
			files = (
				A3E84B54212A80A6005D5F04 /* LaunchScreen.storyboard in Resources */,
				A3E84B51212A80A6005D5F04 /* Assets.xcassets in Resources */,
				A3E84B4C212A80A5005D5F04 /* Main.storyboard in Resources */,
			);
			runOnlyForDeploymentPostprocessing = 0;
		};
		A3E84B58212A80A6005D5F04 /* Resources */ = {
			isa = PBXResourcesBuildPhase;
			buildActionMask = 2147483647;
			files = (
			);
			runOnlyForDeploymentPostprocessing = 0;
		};
		A3E84B63212A80A7005D5F04 /* Resources */ = {
			isa = PBXResourcesBuildPhase;
			buildActionMask = 2147483647;
			files = (
			);
			runOnlyForDeploymentPostprocessing = 0;
		};
/* End PBXResourcesBuildPhase section */

/* Begin PBXSourcesBuildPhase section */
		A3E84B3F212A80A5005D5F04 /* Sources */ = {
			isa = PBXSourcesBuildPhase;
			buildActionMask = 2147483647;
			files = (
				A3E84B4F212A80A5005D5F04 /* WheelPath.xcdatamodeld in Sources */,
				A3E84B49212A80A5005D5F04 /* ViewController.swift in Sources */,
				A3E84B47212A80A5005D5F04 /* AppDelegate.swift in Sources */,
			);
			runOnlyForDeploymentPostprocessing = 0;
		};
		A3E84B56212A80A6005D5F04 /* Sources */ = {
			isa = PBXSourcesBuildPhase;
			buildActionMask = 2147483647;
			files = (
				A3E84B5F212A80A6005D5F04 /* WheelPathTests.swift in Sources */,
			);
			runOnlyForDeploymentPostprocessing = 0;
		};
		A3E84B61212A80A7005D5F04 /* Sources */ = {
			isa = PBXSourcesBuildPhase;
			buildActionMask = 2147483647;
			files = (
				A3E84B6A212A80A7005D5F04 /* WheelPathUITests.swift in Sources */,
			);
			runOnlyForDeploymentPostprocessing = 0;
		};
/* End PBXSourcesBuildPhase section */

/* Begin PBXTargetDependency section */
		A3E84B5C212A80A6005D5F04 /* PBXTargetDependency */ = {
			isa = PBXTargetDependency;
			target = A3E84B42212A80A5005D5F04 /* WheelPath */;
			targetProxy = A3E84B5B212A80A6005D5F04 /* PBXContainerItemProxy */;
		};
		A3E84B67212A80A7005D5F04 /* PBXTargetDependency */ = {
			isa = PBXTargetDependency;
			target = A3E84B42212A80A5005D5F04 /* WheelPath */;
			targetProxy = A3E84B66212A80A7005D5F04 /* PBXContainerItemProxy */;
		};
/* End PBXTargetDependency section */

/* Begin PBXVariantGroup section */
		A3E84B4A212A80A5005D5F04 /* Main.storyboard */ = {
			isa = PBXVariantGroup;
			children = (
				A3E84B4B212A80A5005D5F04 /* Base */,
			);
			name = Main.storyboard;
			sourceTree = "<group>";
		};
		A3E84B52212A80A6005D5F04 /* LaunchScreen.storyboard */ = {
			isa = PBXVariantGroup;
			children = (
				A3E84B53212A80A6005D5F04 /* Base */,
			);
			name = LaunchScreen.storyboard;
			sourceTree = "<group>";
		};
/* End PBXVariantGroup section */

/* Begin XCBuildConfiguration section */
		A3E84B6C212A80A7005D5F04 /* Debug */ = {
			isa = XCBuildConfiguration;
			buildSettings = {
				ALWAYS_SEARCH_USER_PATHS = NO;
				CLANG_ANALYZER_NONNULL = YES;
				CLANG_ANALYZER_NUMBER_OBJECT_CONVERSION = YES_AGGRESSIVE;
				CLANG_CXX_LANGUAGE_STANDARD = "gnu++14";
				CLANG_CXX_LIBRARY = "libc++";
				CLANG_ENABLE_MODULES = YES;
				CLANG_ENABLE_OBJC_ARC = YES;
				CLANG_ENABLE_OBJC_WEAK = YES;
				CLANG_WARN_BLOCK_CAPTURE_AUTORELEASING = YES;
				CLANG_WARN_BOOL_CONVERSION = YES;
				CLANG_WARN_COMMA = YES;
				CLANG_WARN_CONSTANT_CONVERSION = YES;
				CLANG_WARN_DEPRECATED_OBJC_IMPLEMENTATIONS = YES;
				CLANG_WARN_DIRECT_OBJC_ISA_USAGE = YES_ERROR;
				CLANG_WARN_DOCUMENTATION_COMMENTS = YES;
				CLANG_WARN_EMPTY_BODY = YES;
				CLANG_WARN_ENUM_CONVERSION = YES;
				CLANG_WARN_INFINITE_RECURSION = YES;
				CLANG_WARN_INT_CONVERSION = YES;
				CLANG_WARN_NON_LITERAL_NULL_CONVERSION = YES;
				CLANG_WARN_OBJC_IMPLICIT_RETAIN_SELF = YES;
				CLANG_WARN_OBJC_LITERAL_CONVERSION = YES;
				CLANG_WARN_OBJC_ROOT_CLASS = YES_ERROR;
				CLANG_WARN_RANGE_LOOP_ANALYSIS = YES;
				CLANG_WARN_STRICT_PROTOTYPES = YES;
				CLANG_WARN_SUSPICIOUS_MOVE = YES;
				CLANG_WARN_UNGUARDED_AVAILABILITY = YES_AGGRESSIVE;
				CLANG_WARN_UNREACHABLE_CODE = YES;
				CLANG_WARN__DUPLICATE_METHOD_MATCH = YES;
				CODE_SIGN_IDENTITY = "iPhone Developer";
				COPY_PHASE_STRIP = NO;
				DEBUG_INFORMATION_FORMAT = dwarf;
				ENABLE_STRICT_OBJC_MSGSEND = YES;
				ENABLE_TESTABILITY = YES;
				GCC_C_LANGUAGE_STANDARD = gnu11;
				GCC_DYNAMIC_NO_PIC = NO;
				GCC_NO_COMMON_BLOCKS = YES;
				GCC_OPTIMIZATION_LEVEL = 0;
				GCC_PREPROCESSOR_DEFINITIONS = (
					"DEBUG=1",
					"$(inherited)",
				);
				GCC_WARN_64_TO_32_BIT_CONVERSION = YES;
				GCC_WARN_ABOUT_RETURN_TYPE = YES_ERROR;
				GCC_WARN_UNDECLARED_SELECTOR = YES;
				GCC_WARN_UNINITIALIZED_AUTOS = YES_AGGRESSIVE;
				GCC_WARN_UNUSED_FUNCTION = YES;
				GCC_WARN_UNUSED_VARIABLE = YES;
				IPHONEOS_DEPLOYMENT_TARGET = 11.4;
				MTL_ENABLE_DEBUG_INFO = YES;
				ONLY_ACTIVE_ARCH = YES;
				SDKROOT = iphoneos;
				SWIFT_ACTIVE_COMPILATION_CONDITIONS = DEBUG;
				SWIFT_OPTIMIZATION_LEVEL = "-Onone";
			};
			name = Debug;
		};
		A3E84B6D212A80A7005D5F04 /* Release */ = {
			isa = XCBuildConfiguration;
			buildSettings = {
				ALWAYS_SEARCH_USER_PATHS = NO;
				CLANG_ANALYZER_NONNULL = YES;
				CLANG_ANALYZER_NUMBER_OBJECT_CONVERSION = YES_AGGRESSIVE;
				CLANG_CXX_LANGUAGE_STANDARD = "gnu++14";
				CLANG_CXX_LIBRARY = "libc++";
				CLANG_ENABLE_MODULES = YES;
				CLANG_ENABLE_OBJC_ARC = YES;
				CLANG_ENABLE_OBJC_WEAK = YES;
				CLANG_WARN_BLOCK_CAPTURE_AUTORELEASING = YES;
				CLANG_WARN_BOOL_CONVERSION = YES;
				CLANG_WARN_COMMA = YES;
				CLANG_WARN_CONSTANT_CONVERSION = YES;
				CLANG_WARN_DEPRECATED_OBJC_IMPLEMENTATIONS = YES;
				CLANG_WARN_DIRECT_OBJC_ISA_USAGE = YES_ERROR;
				CLANG_WARN_DOCUMENTATION_COMMENTS = YES;
				CLANG_WARN_EMPTY_BODY = YES;
				CLANG_WARN_ENUM_CONVERSION = YES;
				CLANG_WARN_INFINITE_RECURSION = YES;
				CLANG_WARN_INT_CONVERSION = YES;
				CLANG_WARN_NON_LITERAL_NULL_CONVERSION = YES;
				CLANG_WARN_OBJC_IMPLICIT_RETAIN_SELF = YES;
				CLANG_WARN_OBJC_LITERAL_CONVERSION = YES;
				CLANG_WARN_OBJC_ROOT_CLASS = YES_ERROR;
				CLANG_WARN_RANGE_LOOP_ANALYSIS = YES;
				CLANG_WARN_STRICT_PROTOTYPES = YES;
				CLANG_WARN_SUSPICIOUS_MOVE = YES;
				CLANG_WARN_UNGUARDED_AVAILABILITY = YES_AGGRESSIVE;
				CLANG_WARN_UNREACHABLE_CODE = YES;
				CLANG_WARN__DUPLICATE_METHOD_MATCH = YES;
				CODE_SIGN_IDENTITY = "iPhone Developer";
				COPY_PHASE_STRIP = NO;
				DEBUG_INFORMATION_FORMAT = "dwarf-with-dsym";
				ENABLE_NS_ASSERTIONS = NO;
				ENABLE_STRICT_OBJC_MSGSEND = YES;
				GCC_C_LANGUAGE_STANDARD = gnu11;
				GCC_NO_COMMON_BLOCKS = YES;
				GCC_WARN_64_TO_32_BIT_CONVERSION = YES;
				GCC_WARN_ABOUT_RETURN_TYPE = YES_ERROR;
				GCC_WARN_UNDECLARED_SELECTOR = YES;
				GCC_WARN_UNINITIALIZED_AUTOS = YES_AGGRESSIVE;
				GCC_WARN_UNUSED_FUNCTION = YES;
				GCC_WARN_UNUSED_VARIABLE = YES;
				IPHONEOS_DEPLOYMENT_TARGET = 11.4;
				MTL_ENABLE_DEBUG_INFO = NO;
				SDKROOT = iphoneos;
				SWIFT_COMPILATION_MODE = wholemodule;
				SWIFT_OPTIMIZATION_LEVEL = "-O";
				VALIDATE_PRODUCT = YES;
			};
			name = Release;
		};
		A3E84B6F212A80A7005D5F04 /* Debug */ = {
			isa = XCBuildConfiguration;
			buildSettings = {
				ASSETCATALOG_COMPILER_APPICON_NAME = AppIcon;
				CODE_SIGN_STYLE = Automatic;
				DEVELOPMENT_TEAM = NRL9LH8W6N;
				INFOPLIST_FILE = WheelPath/Info.plist;
				LD_RUNPATH_SEARCH_PATHS = (
					"$(inherited)",
					"@executable_path/Frameworks",
				);
				PRODUCT_BUNDLE_IDENTIFIER = monash.WheelPath;
				PRODUCT_NAME = "$(TARGET_NAME)";
				SWIFT_VERSION = 4.0;
				TARGETED_DEVICE_FAMILY = "1,2";
			};
			name = Debug;
		};
		A3E84B70212A80A7005D5F04 /* Release */ = {
			isa = XCBuildConfiguration;
			buildSettings = {
				ASSETCATALOG_COMPILER_APPICON_NAME = AppIcon;
				CODE_SIGN_STYLE = Automatic;
				DEVELOPMENT_TEAM = NRL9LH8W6N;
				INFOPLIST_FILE = WheelPath/Info.plist;
				LD_RUNPATH_SEARCH_PATHS = (
					"$(inherited)",
					"@executable_path/Frameworks",
				);
				PRODUCT_BUNDLE_IDENTIFIER = monash.WheelPath;
				PRODUCT_NAME = "$(TARGET_NAME)";
				SWIFT_VERSION = 4.0;
				TARGETED_DEVICE_FAMILY = "1,2";
			};
			name = Release;
		};
		A3E84B72212A80A7005D5F04 /* Debug */ = {
			isa = XCBuildConfiguration;
			buildSettings = {
				ALWAYS_EMBED_SWIFT_STANDARD_LIBRARIES = YES;
				BUNDLE_LOADER = "$(TEST_HOST)";
				CODE_SIGN_STYLE = Automatic;
				DEVELOPMENT_TEAM = NRL9LH8W6N;
				INFOPLIST_FILE = WheelPathTests/Info.plist;
				LD_RUNPATH_SEARCH_PATHS = (
					"$(inherited)",
					"@executable_path/Frameworks",
					"@loader_path/Frameworks",
				);
				PRODUCT_BUNDLE_IDENTIFIER = monash.WheelPathTests;
				PRODUCT_NAME = "$(TARGET_NAME)";
				SWIFT_VERSION = 4.0;
				TARGETED_DEVICE_FAMILY = "1,2";
				TEST_HOST = "$(BUILT_PRODUCTS_DIR)/WheelPath.app/WheelPath";
			};
			name = Debug;
		};
		A3E84B73212A80A7005D5F04 /* Release */ = {
			isa = XCBuildConfiguration;
			buildSettings = {
				ALWAYS_EMBED_SWIFT_STANDARD_LIBRARIES = YES;
				BUNDLE_LOADER = "$(TEST_HOST)";
				CODE_SIGN_STYLE = Automatic;
				DEVELOPMENT_TEAM = NRL9LH8W6N;
				INFOPLIST_FILE = WheelPathTests/Info.plist;
				LD_RUNPATH_SEARCH_PATHS = (
					"$(inherited)",
					"@executable_path/Frameworks",
					"@loader_path/Frameworks",
				);
				PRODUCT_BUNDLE_IDENTIFIER = monash.WheelPathTests;
				PRODUCT_NAME = "$(TARGET_NAME)";
				SWIFT_VERSION = 4.0;
				TARGETED_DEVICE_FAMILY = "1,2";
				TEST_HOST = "$(BUILT_PRODUCTS_DIR)/WheelPath.app/WheelPath";
			};
			name = Release;
		};
		A3E84B75212A80A7005D5F04 /* Debug */ = {
			isa = XCBuildConfiguration;
			buildSettings = {
				ALWAYS_EMBED_SWIFT_STANDARD_LIBRARIES = YES;
				CODE_SIGN_STYLE = Automatic;
				DEVELOPMENT_TEAM = NRL9LH8W6N;
				INFOPLIST_FILE = WheelPathUITests/Info.plist;
				LD_RUNPATH_SEARCH_PATHS = (
					"$(inherited)",
					"@executable_path/Frameworks",
					"@loader_path/Frameworks",
				);
				PRODUCT_BUNDLE_IDENTIFIER = monash.WheelPathUITests;
				PRODUCT_NAME = "$(TARGET_NAME)";
				SWIFT_VERSION = 4.0;
				TARGETED_DEVICE_FAMILY = "1,2";
				TEST_TARGET_NAME = WheelPath;
			};
			name = Debug;
		};
		A3E84B76212A80A7005D5F04 /* Release */ = {
			isa = XCBuildConfiguration;
			buildSettings = {
				ALWAYS_EMBED_SWIFT_STANDARD_LIBRARIES = YES;
				CODE_SIGN_STYLE = Automatic;
				DEVELOPMENT_TEAM = NRL9LH8W6N;
				INFOPLIST_FILE = WheelPathUITests/Info.plist;
				LD_RUNPATH_SEARCH_PATHS = (
					"$(inherited)",
					"@executable_path/Frameworks",
					"@loader_path/Frameworks",
				);
				PRODUCT_BUNDLE_IDENTIFIER = monash.WheelPathUITests;
				PRODUCT_NAME = "$(TARGET_NAME)";
				SWIFT_VERSION = 4.0;
				TARGETED_DEVICE_FAMILY = "1,2";
				TEST_TARGET_NAME = WheelPath;
			};
			name = Release;
		};
/* End XCBuildConfiguration section */

/* Begin XCConfigurationList section */
		A3E84B3E212A80A5005D5F04 /* Build configuration list for PBXProject "WheelPath" */ = {
			isa = XCConfigurationList;
			buildConfigurations = (
				A3E84B6C212A80A7005D5F04 /* Debug */,
				A3E84B6D212A80A7005D5F04 /* Release */,
			);
			defaultConfigurationIsVisible = 0;
			defaultConfigurationName = Release;
		};
		A3E84B6E212A80A7005D5F04 /* Build configuration list for PBXNativeTarget "WheelPath" */ = {
			isa = XCConfigurationList;
			buildConfigurations = (
				A3E84B6F212A80A7005D5F04 /* Debug */,
				A3E84B70212A80A7005D5F04 /* Release */,
			);
			defaultConfigurationIsVisible = 0;
			defaultConfigurationName = Release;
		};
		A3E84B71212A80A7005D5F04 /* Build configuration list for PBXNativeTarget "WheelPathTests" */ = {
			isa = XCConfigurationList;
			buildConfigurations = (
				A3E84B72212A80A7005D5F04 /* Debug */,
				A3E84B73212A80A7005D5F04 /* Release */,
			);
			defaultConfigurationIsVisible = 0;
			defaultConfigurationName = Release;
		};
		A3E84B74212A80A7005D5F04 /* Build configuration list for PBXNativeTarget "WheelPathUITests" */ = {
			isa = XCConfigurationList;
			buildConfigurations = (
				A3E84B75212A80A7005D5F04 /* Debug */,
				A3E84B76212A80A7005D5F04 /* Release */,
			);
			defaultConfigurationIsVisible = 0;
			defaultConfigurationName = Release;
		};
/* End XCConfigurationList section */

/* Begin XCVersionGroup section */
		A3E84B4D212A80A5005D5F04 /* WheelPath.xcdatamodeld */ = {
			isa = XCVersionGroup;
			children = (
				A3E84B4E212A80A5005D5F04 /* WheelPath.xcdatamodel */,
			);
			currentVersion = A3E84B4E212A80A5005D5F04 /* WheelPath.xcdatamodel */;
			path = WheelPath.xcdatamodeld;
			sourceTree = "<group>";
			versionGroupType = wrapper.xcdatamodel;
		};
/* End XCVersionGroup section */
	};
	rootObject = A3E84B3B212A80A5005D5F04 /* Project object */;
}
